// !$*UTF8*$!
{
	archiveVersion = 1;
	classes = {
	};
	objectVersion = 56;
	objects = {

/* Begin PBXBuildFile section */
		0202A7192ABA91BA00840CB2 /* SpaWidgetLiveActivity.swift in Sources */ = {isa = PBXBuildFile; fileRef = 02D43B022AB94D990073616D /* SpaWidgetLiveActivity.swift */; };
		0209B4072A926CAE00C2899A /* PoolCleaningCheckListView.swift in Sources */ = {isa = PBXBuildFile; fileRef = 0209B4062A926CAE00C2899A /* PoolCleaningCheckListView.swift */; };
		0209B4092A926E1800C2899A /* CheckListItem.swift in Sources */ = {isa = PBXBuildFile; fileRef = 0209B4082A926E1800C2899A /* CheckListItem.swift */; };
		0209B40B2A926FE300C2899A /* CheckBoxView.swift in Sources */ = {isa = PBXBuildFile; fileRef = 0209B40A2A926FE300C2899A /* CheckBoxView.swift */; };
		0209B40F2A92E0E000C2899A /* Checkbox.swift in Sources */ = {isa = PBXBuildFile; fileRef = 0209B40E2A92E0E000C2899A /* Checkbox.swift */; };
		020DB3562AC6995900E08C6A /* SpaEvent.swift in Sources */ = {isa = PBXBuildFile; fileRef = 020DB3552AC6995900E08C6A /* SpaEvent.swift */; };
		02167FBE2A95C7E400DFD01A /* AlertToast in Frameworks */ = {isa = PBXBuildFile; productRef = 02167FBD2A95C7E400DFD01A /* AlertToast */; };
		022823012A4BE9FD00ABC0C5 /* LoginView.swift in Sources */ = {isa = PBXBuildFile; fileRef = 022823002A4BE9FD00ABC0C5 /* LoginView.swift */; };
		022AECDF2A834731003FE79F /* Supabase in Frameworks */ = {isa = PBXBuildFile; productRef = 022AECDE2A834731003FE79F /* Supabase */; };
		023B1F292A48CC890008D31E /* ChlorinationView.swift in Sources */ = {isa = PBXBuildFile; fileRef = 023B1F282A48CC890008D31E /* ChlorinationView.swift */; };
		023B1F2B2A49251D0008D31E /* ServiceModalView.swift in Sources */ = {isa = PBXBuildFile; fileRef = 023B1F2A2A49251D0008D31E /* ServiceModalView.swift */; };
		023B7E112ADC72E8002D7C21 /* ContentType.swift in Sources */ = {isa = PBXBuildFile; fileRef = 023B7E102ADC72E8002D7C21 /* ContentType.swift */; };
		024EA8B02A8976EE0009EEB0 /* SupabaseClient.swift in Sources */ = {isa = PBXBuildFile; fileRef = 024EA8AF2A8976EE0009EEB0 /* SupabaseClient.swift */; };
		024EA8B22A897D450009EEB0 /* InventoryItem.swift in Sources */ = {isa = PBXBuildFile; fileRef = 024EA8B12A897D450009EEB0 /* InventoryItem.swift */; };
		024EA8B42A897E950009EEB0 /* CleaningRecord.swift in Sources */ = {isa = PBXBuildFile; fileRef = 024EA8B32A897E950009EEB0 /* CleaningRecord.swift */; };
		024EA8B72A898D1A0009EEB0 /* InventoryDetail.swift in Sources */ = {isa = PBXBuildFile; fileRef = 024EA8B62A898D1A0009EEB0 /* InventoryDetail.swift */; };
		024EA8B92A89AA660009EEB0 /* CleaningDetailView.swift in Sources */ = {isa = PBXBuildFile; fileRef = 024EA8B82A89AA660009EEB0 /* CleaningDetailView.swift */; };
		024F97592A9D828E002FE17E /* PoolEvents.swift in Sources */ = {isa = PBXBuildFile; fileRef = 024F97582A9D828E002FE17E /* PoolEvents.swift */; };
		024FA20E2A54F562009F7CA3 /* AquaLogicMiniPalApp.swift in Sources */ = {isa = PBXBuildFile; fileRef = 024FA20D2A54F562009F7CA3 /* AquaLogicMiniPalApp.swift */; };
		024FA2102A54F562009F7CA3 /* ContentView.swift in Sources */ = {isa = PBXBuildFile; fileRef = 024FA20F2A54F562009F7CA3 /* ContentView.swift */; };
		024FA2122A54F563009F7CA3 /* Assets.xcassets in Resources */ = {isa = PBXBuildFile; fileRef = 024FA2112A54F563009F7CA3 /* Assets.xcassets */; };
		024FA2152A54F563009F7CA3 /* Preview Assets.xcassets in Resources */ = {isa = PBXBuildFile; fileRef = 024FA2142A54F563009F7CA3 /* Preview Assets.xcassets */; };
		024FA2182A54F563009F7CA3 /* AquaLogicMiniPal Watch App.app in Embed Watch Content */ = {isa = PBXBuildFile; fileRef = 024FA20B2A54F562009F7CA3 /* AquaLogicMiniPal Watch App.app */; settings = {ATTRIBUTES = (RemoveHeadersOnCopy, ); }; };
		025572842A61191E00854441 /* Liquid in Frameworks */ = {isa = PBXBuildFile; productRef = 025572832A61191E00854441 /* Liquid */; };
		0256FE5F2AD7A1AF00A8B76A /* Formatter.swift in Sources */ = {isa = PBXBuildFile; fileRef = 0256FE5E2AD7A1AF00A8B76A /* Formatter.swift */; };
		0266E3092A9C602200048525 /* PoolEventUsageChart.swift in Sources */ = {isa = PBXBuildFile; fileRef = 0266E3082A9C602200048525 /* PoolEventUsageChart.swift */; };
		0266E30B2A9C65B300048525 /* PoolEvent.swift in Sources */ = {isa = PBXBuildFile; fileRef = 0266E30A2A9C65B300048525 /* PoolEvent.swift */; };
		0266E30D2A9C65E100048525 /* PoolEventType.swift in Sources */ = {isa = PBXBuildFile; fileRef = 0266E30C2A9C65E100048525 /* PoolEventType.swift */; };
		0267375E2AA8160F001AF618 /* CalendarView.swift in Sources */ = {isa = PBXBuildFile; fileRef = 0267375D2AA8160F001AF618 /* CalendarView.swift */; };
		0272EEF82A428B6A000A70C5 /* PusherSwift in Frameworks */ = {isa = PBXBuildFile; productRef = 0272EEF72A428B6A000A70C5 /* PusherSwift */; };
		0285D7C22A9944CB008D91F7 /* ImagePicker.swift in Sources */ = {isa = PBXBuildFile; fileRef = 0285D7C12A9944CB008D91F7 /* ImagePicker.swift */; };
		0289CC532A47695900C91CFC /* StatusView.swift in Sources */ = {isa = PBXBuildFile; fileRef = 0289CC522A47695900C91CFC /* StatusView.swift */; };
		0289CC552A476CEF00C91CFC /* BlinkViewModifier.swift in Sources */ = {isa = PBXBuildFile; fileRef = 0289CC542A476CEF00C91CFC /* BlinkViewModifier.swift */; };
		0289CC572A47965600C91CFC /* CustomPoolCardView.swift in Sources */ = {isa = PBXBuildFile; fileRef = 0289CC562A47965600C91CFC /* CustomPoolCardView.swift */; };
		0289CC592A479A1F00C91CFC /* SpaData.swift in Sources */ = {isa = PBXBuildFile; fileRef = 0289CC582A479A1F00C91CFC /* SpaData.swift */; };
		0289CC5B2A479A6500C91CFC /* SaltData.swift in Sources */ = {isa = PBXBuildFile; fileRef = 0289CC5A2A479A6500C91CFC /* SaltData.swift */; };
		0289CC5F2A47A65F00C91CFC /* SpaUseChart.swift in Sources */ = {isa = PBXBuildFile; fileRef = 0289CC5E2A47A65F00C91CFC /* SpaUseChart.swift */; };
		0289CC612A47A7B900C91CFC /* ChlorinationGaugeView.swift in Sources */ = {isa = PBXBuildFile; fileRef = 0289CC602A47A7B900C91CFC /* ChlorinationGaugeView.swift */; };
		028C9F4B2ABF544A0010CBC5 /* Tables.swift in Sources */ = {isa = PBXBuildFile; fileRef = 028C9F4A2ABF544A0010CBC5 /* Tables.swift */; };
		028D68F72A9A6DC600AC996E /* AsyncButton.swift in Sources */ = {isa = PBXBuildFile; fileRef = 028D68F62A9A6DC600AC996E /* AsyncButton.swift */; };
		028D68F92A9A8AE500AC996E /* FilterCartridgesView.swift in Sources */ = {isa = PBXBuildFile; fileRef = 028D68F82A9A8AE500AC996E /* FilterCartridgesView.swift */; };
		028D68FB2A9A8B3D00AC996E /* FilterRecord.swift in Sources */ = {isa = PBXBuildFile; fileRef = 028D68FA2A9A8B3D00AC996E /* FilterRecord.swift */; };
		028D68FE2A9ACF4500AC996E /* AquaLogicPalStore.swift in Sources */ = {isa = PBXBuildFile; fileRef = 028D68FD2A9ACF4500AC996E /* AquaLogicPalStore.swift */; };
		028D69002A9AF3FD00AC996E /* SaltLevelRangeChart.swift in Sources */ = {isa = PBXBuildFile; fileRef = 028D68FF2A9AF3FD00AC996E /* SaltLevelRangeChart.swift */; };
		028D69022A9AFA6600AC996E /* Constants.swift in Sources */ = {isa = PBXBuildFile; fileRef = 028D69012A9AFA6600AC996E /* Constants.swift */; };
		0295B8AC2A8C6F380069B578 /* CleaningRow.swift in Sources */ = {isa = PBXBuildFile; fileRef = 0295B8AB2A8C6F380069B578 /* CleaningRow.swift */; };
		02A3D60F2A40C7A70046CD4F /* TitleView.swift in Sources */ = {isa = PBXBuildFile; fileRef = 02A3D60E2A40C7A70046CD4F /* TitleView.swift */; };
		02A3D6112A40C9AA0046CD4F /* ImageView.swift in Sources */ = {isa = PBXBuildFile; fileRef = 02A3D6102A40C9AA0046CD4F /* ImageView.swift */; };
		02A3D6132A40CECC0046CD4F /* BackgroundView.swift in Sources */ = {isa = PBXBuildFile; fileRef = 02A3D6122A40CECC0046CD4F /* BackgroundView.swift */; };
		02A3D6172A40DBE10046CD4F /* AquaLogicClient.swift in Sources */ = {isa = PBXBuildFile; fileRef = 02A3D6162A40DBE10046CD4F /* AquaLogicClient.swift */; };
		02A3D6192A40F00A0046CD4F /* PascalCaseDecoder.swift in Sources */ = {isa = PBXBuildFile; fileRef = 02A3D6182A40F00A0046CD4F /* PascalCaseDecoder.swift */; };
		02A3D61B2A41044D0046CD4F /* PoolCard.swift in Sources */ = {isa = PBXBuildFile; fileRef = 02A3D61A2A41044D0046CD4F /* PoolCard.swift */; };
		02A3D6222A4122370046CD4F /* ScreenView.swift in Sources */ = {isa = PBXBuildFile; fileRef = 02A3D6212A4122370046CD4F /* ScreenView.swift */; };
		02A3D6242A4123F00046CD4F /* RemoteButton.swift in Sources */ = {isa = PBXBuildFile; fileRef = 02A3D6232A4123F00046CD4F /* RemoteButton.swift */; };
		02A692762A3E661100F88EBE /* AquaLogicPalApp.swift in Sources */ = {isa = PBXBuildFile; fileRef = 02A692752A3E661100F88EBE /* AquaLogicPalApp.swift */; };
		02A692782A3E661100F88EBE /* ContentView.swift in Sources */ = {isa = PBXBuildFile; fileRef = 02A692772A3E661100F88EBE /* ContentView.swift */; };
		02A6927A2A3E661200F88EBE /* Assets.xcassets in Resources */ = {isa = PBXBuildFile; fileRef = 02A692792A3E661200F88EBE /* Assets.xcassets */; };
		02A6927D2A3E661200F88EBE /* Preview Assets.xcassets in Resources */ = {isa = PBXBuildFile; fileRef = 02A6927C2A3E661200F88EBE /* Preview Assets.xcassets */; };
		02AB9C272A5B5A6A00F1C32C /* TemperaturesView.swift in Sources */ = {isa = PBXBuildFile; fileRef = 02AB9C262A5B5A6A00F1C32C /* TemperaturesView.swift */; };
		02AB9C2A2A5B602500F1C32C /* AnimationDetails.swift in Sources */ = {isa = PBXBuildFile; fileRef = 02BF2AFC2A538DF1002437D1 /* AnimationDetails.swift */; };
		02AB9C2C2A5B606F00F1C32C /* ImageView.swift in Sources */ = {isa = PBXBuildFile; fileRef = 02A3D6102A40C9AA0046CD4F /* ImageView.swift */; };
		02ADDC012A59E6030043060F /* PoolCard.swift in Sources */ = {isa = PBXBuildFile; fileRef = 02A3D61A2A41044D0046CD4F /* PoolCard.swift */; };
		02ADDC022A59E6030043060F /* PoolState.swift in Sources */ = {isa = PBXBuildFile; fileRef = 02C6B5182A4003E2009AF3F2 /* PoolState.swift */; };
		02ADDC032A59E6030043060F /* AquaLogicClient.swift in Sources */ = {isa = PBXBuildFile; fileRef = 02A3D6162A40DBE10046CD4F /* AquaLogicClient.swift */; };
		02ADDC042A59E6030043060F /* AquaLogic.swift in Sources */ = {isa = PBXBuildFile; fileRef = 02C6B5102A3FF61A009AF3F2 /* AquaLogic.swift */; };
		02ADDC072A59E6210043060F /* PusherSwift in Frameworks */ = {isa = PBXBuildFile; productRef = 02ADDC062A59E6210043060F /* PusherSwift */; };
		02ADDC082A59E6320043060F /* PascalCaseDecoder.swift in Sources */ = {isa = PBXBuildFile; fileRef = 02A3D6182A40F00A0046CD4F /* PascalCaseDecoder.swift */; };
		02ADDC092A59E63C0043060F /* Display.swift in Sources */ = {isa = PBXBuildFile; fileRef = 02C6B5122A3FF7F9009AF3F2 /* Display.swift */; };
		02ADDC0A2A59E63C0043060F /* DisplaySection.swift in Sources */ = {isa = PBXBuildFile; fileRef = 02C6B5142A3FF80E009AF3F2 /* DisplaySection.swift */; };
		02ADDC0D2A59E7DF0043060F /* PoolControlsView.swift in Sources */ = {isa = PBXBuildFile; fileRef = 02ADDC0C2A59E7DF0043060F /* PoolControlsView.swift */; };
		02ADDC122A59FD560043060F /* Extensions.swift in Sources */ = {isa = PBXBuildFile; fileRef = 02B415552A4F3F1400BEE718 /* Extensions.swift */; };
		02ADDC142A5A0E9D0043060F /* TemperatureCardView.swift in Sources */ = {isa = PBXBuildFile; fileRef = 02ADDC132A5A0E9D0043060F /* TemperatureCardView.swift */; };
		02AF00622A97256E0043C100 /* AddItemSheetView.swift in Sources */ = {isa = PBXBuildFile; fileRef = 02AF00612A97256E0043C100 /* AddItemSheetView.swift */; };
		02B415562A4F3F1400BEE718 /* Extensions.swift in Sources */ = {isa = PBXBuildFile; fileRef = 02B415552A4F3F1400BEE718 /* Extensions.swift */; };
		02B415582A4F44A000BEE718 /* AuthController.swift in Sources */ = {isa = PBXBuildFile; fileRef = 02B415572A4F44A000BEE718 /* AuthController.swift */; };
		02B4155A2A4F5A7A00BEE718 /* NetworkManager.swift in Sources */ = {isa = PBXBuildFile; fileRef = 02B415592A4F5A7A00BEE718 /* NetworkManager.swift */; };
		02B4155C2A4F5D1300BEE718 /* AquaLogicError.swift in Sources */ = {isa = PBXBuildFile; fileRef = 02B4155B2A4F5D1300BEE718 /* AquaLogicError.swift */; };
		02B4155F2A4F6F9600BEE718 /* Alamofire in Frameworks */ = {isa = PBXBuildFile; productRef = 02B4155E2A4F6F9600BEE718 /* Alamofire */; };
		02B655B32AC15D8900DAD66C /* SaltRange.swift in Sources */ = {isa = PBXBuildFile; fileRef = 02B655B22AC15D8900DAD66C /* SaltRange.swift */; };
		02BF2AFD2A538DF1002437D1 /* AnimationDetails.swift in Sources */ = {isa = PBXBuildFile; fileRef = 02BF2AFC2A538DF1002437D1 /* AnimationDetails.swift */; };
		02C173AF2A8868A6004BD18F /* ReportsView.swift in Sources */ = {isa = PBXBuildFile; fileRef = 02C173AE2A8868A6004BD18F /* ReportsView.swift */; };
		02C6B5082A3FA7B8009AF3F2 /* PoolControlsView.swift in Sources */ = {isa = PBXBuildFile; fileRef = 02C6B5072A3FA7B8009AF3F2 /* PoolControlsView.swift */; };
		02C6B50A2A3FAAD1009AF3F2 /* RemoteDisplayView.swift in Sources */ = {isa = PBXBuildFile; fileRef = 02C6B5092A3FAAD1009AF3F2 /* RemoteDisplayView.swift */; };
		02C6B50C2A3FAADB009AF3F2 /* DiagnosticsView.swift in Sources */ = {isa = PBXBuildFile; fileRef = 02C6B50B2A3FAADB009AF3F2 /* DiagnosticsView.swift */; };
		02C6B50E2A3FB0F8009AF3F2 /* TemperatureCardView.swift in Sources */ = {isa = PBXBuildFile; fileRef = 02C6B50D2A3FB0F8009AF3F2 /* TemperatureCardView.swift */; };
		02C6B5112A3FF61A009AF3F2 /* AquaLogic.swift in Sources */ = {isa = PBXBuildFile; fileRef = 02C6B5102A3FF61A009AF3F2 /* AquaLogic.swift */; };
		02C6B5132A3FF7F9009AF3F2 /* Display.swift in Sources */ = {isa = PBXBuildFile; fileRef = 02C6B5122A3FF7F9009AF3F2 /* Display.swift */; };
		02C6B5152A3FF80E009AF3F2 /* DisplaySection.swift in Sources */ = {isa = PBXBuildFile; fileRef = 02C6B5142A3FF80E009AF3F2 /* DisplaySection.swift */; };
		02C6B5172A400337009AF3F2 /* PoolCardView.swift in Sources */ = {isa = PBXBuildFile; fileRef = 02C6B5162A400337009AF3F2 /* PoolCardView.swift */; };
		02C6B5192A4003E2009AF3F2 /* PoolState.swift in Sources */ = {isa = PBXBuildFile; fileRef = 02C6B5182A4003E2009AF3F2 /* PoolState.swift */; };
		02C6B51B2A400A13009AF3F2 /* RotatingIcon.swift in Sources */ = {isa = PBXBuildFile; fileRef = 02C6B51A2A400A13009AF3F2 /* RotatingIcon.swift */; };
		02C862522A7C44B3002D77A4 /* PoolStatesView.swift in Sources */ = {isa = PBXBuildFile; fileRef = 02C862512A7C44B3002D77A4 /* PoolStatesView.swift */; };
		02C862542A7CA266002D77A4 /* TemperaturesView.swift in Sources */ = {isa = PBXBuildFile; fileRef = 02C862532A7CA265002D77A4 /* TemperaturesView.swift */; };
		02D43AFD2AB94D990073616D /* WidgetKit.framework in Frameworks */ = {isa = PBXBuildFile; fileRef = 02D43AC62AB93FD10073616D /* WidgetKit.framework */; };
		02D43AFE2AB94D990073616D /* SwiftUI.framework in Frameworks */ = {isa = PBXBuildFile; fileRef = 02D43AC82AB93FD10073616D /* SwiftUI.framework */; };
		02D43B012AB94D990073616D /* SpaWidgetBundle.swift in Sources */ = {isa = PBXBuildFile; fileRef = 02D43B002AB94D990073616D /* SpaWidgetBundle.swift */; };
		02D43B032AB94D990073616D /* SpaWidgetLiveActivity.swift in Sources */ = {isa = PBXBuildFile; fileRef = 02D43B022AB94D990073616D /* SpaWidgetLiveActivity.swift */; };
		02D43B072AB94D9A0073616D /* Assets.xcassets in Resources */ = {isa = PBXBuildFile; fileRef = 02D43B062AB94D9A0073616D /* Assets.xcassets */; };
		02D43B0B2AB94D9A0073616D /* SpaWidgetExtension.appex in Embed Foundation Extensions */ = {isa = PBXBuildFile; fileRef = 02D43AFC2AB94D990073616D /* SpaWidgetExtension.appex */; settings = {ATTRIBUTES = (RemoveHeadersOnCopy, ); }; };
		02D535292A5D0CF200C84EB4 /* PoolCardView.swift in Sources */ = {isa = PBXBuildFile; fileRef = 02AB9C282A5B600400F1C32C /* PoolCardView.swift */; };
		02D5352A2A5D0CF200C84EB4 /* CustomPoolCardView.swift in Sources */ = {isa = PBXBuildFile; fileRef = 02AB9C2D2A5B619000F1C32C /* CustomPoolCardView.swift */; };
		02E3602C2AAD10740084F0A4 /* PopupView in Frameworks */ = {isa = PBXBuildFile; productRef = 02E3602B2AAD10740084F0A4 /* PopupView */; };
		02E453A32A906306006245AB /* LiquidView.swift in Sources */ = {isa = PBXBuildFile; fileRef = 02E453A22A906306006245AB /* LiquidView.swift */; };
		02E64EC02A8B13EB0080EACF /* AcidContainer.swift in Sources */ = {isa = PBXBuildFile; fileRef = 02E64EBF2A8B13EB0080EACF /* AcidContainer.swift */; };
		02E64EC22A8B388B0080EACF /* ItemType.swift in Sources */ = {isa = PBXBuildFile; fileRef = 02E64EC12A8B388B0080EACF /* ItemType.swift */; };
		02E6BBA32A915E0D00E841AE /* Card.swift in Sources */ = {isa = PBXBuildFile; fileRef = 02E6BBA22A915E0D00E841AE /* Card.swift */; };
		02E6BBA52A91811100E841AE /* _Secrets.swift in Sources */ = {isa = PBXBuildFile; fileRef = 02E6BBA42A91811100E841AE /* _Secrets.swift */; };
		02E6BBA72A91915D00E841AE /* HomeView.swift in Sources */ = {isa = PBXBuildFile; fileRef = 02E6BBA62A91915D00E841AE /* HomeView.swift */; };
		02E860A62ACA434A00DE2B19 /* _Secrets.swift in Sources */ = {isa = PBXBuildFile; fileRef = 02E6BBA42A91811100E841AE /* _Secrets.swift */; };
		02EF32472A95AC9000DEBBB4 /* InventoryView.swift in Sources */ = {isa = PBXBuildFile; fileRef = 02EF32462A95AC9000DEBBB4 /* InventoryView.swift */; };
		02FE31742AC93D180084C646 /* ChartDetailCard.swift in Sources */ = {isa = PBXBuildFile; fileRef = 02FE31732AC93D180084C646 /* ChartDetailCard.swift */; };
/* End PBXBuildFile section */

/* Begin PBXContainerItemProxy section */
		024FA2162A54F563009F7CA3 /* PBXContainerItemProxy */ = {
			isa = PBXContainerItemProxy;
			containerPortal = 02A6926A2A3E661100F88EBE /* Project object */;
			proxyType = 1;
			remoteGlobalIDString = 024FA20A2A54F562009F7CA3;
			remoteInfo = "AquaLogicMiniPal Watch App";
		};
		02D43B092AB94D9A0073616D /* PBXContainerItemProxy */ = {
			isa = PBXContainerItemProxy;
			containerPortal = 02A6926A2A3E661100F88EBE /* Project object */;
			proxyType = 1;
			remoteGlobalIDString = 02D43AFB2AB94D990073616D;
			remoteInfo = SpaWidgetExtension;
		};
/* End PBXContainerItemProxy section */

/* Begin PBXCopyFilesBuildPhase section */
		02A692982A3E662D00F88EBE /* Embed Watch Content */ = {
			isa = PBXCopyFilesBuildPhase;
			buildActionMask = 2147483647;
			dstPath = "$(CONTENTS_FOLDER_PATH)/Watch";
			dstSubfolderSpec = 16;
			files = (
				024FA2182A54F563009F7CA3 /* AquaLogicMiniPal Watch App.app in Embed Watch Content */,
			);
			name = "Embed Watch Content";
			runOnlyForDeploymentPostprocessing = 0;
		};
		02D43ADC2AB93FD20073616D /* Embed Foundation Extensions */ = {
			isa = PBXCopyFilesBuildPhase;
			buildActionMask = 2147483647;
			dstPath = "";
			dstSubfolderSpec = 13;
			files = (
				02D43B0B2AB94D9A0073616D /* SpaWidgetExtension.appex in Embed Foundation Extensions */,
			);
			name = "Embed Foundation Extensions";
			runOnlyForDeploymentPostprocessing = 0;
		};
/* End PBXCopyFilesBuildPhase section */

/* Begin PBXFileReference section */
		0209B4062A926CAE00C2899A /* PoolCleaningCheckListView.swift */ = {isa = PBXFileReference; lastKnownFileType = sourcecode.swift; name = PoolCleaningCheckListView.swift; path = aqualogicpal/Components/Report/PoolCleaningCheckListView.swift; sourceTree = SOURCE_ROOT; };
		0209B4082A926E1800C2899A /* CheckListItem.swift */ = {isa = PBXFileReference; lastKnownFileType = sourcecode.swift; name = CheckListItem.swift; path = AquaLogicPal/Models/CheckListItem.swift; sourceTree = SOURCE_ROOT; };
		0209B40A2A926FE300C2899A /* CheckBoxView.swift */ = {isa = PBXFileReference; lastKnownFileType = sourcecode.swift; name = CheckBoxView.swift; path = aqualogicpal/Components/Report/CheckBoxView.swift; sourceTree = SOURCE_ROOT; };
		0209B40E2A92E0E000C2899A /* Checkbox.swift */ = {isa = PBXFileReference; lastKnownFileType = sourcecode.swift; name = Checkbox.swift; path = aqualogicpal/Components/Report/Checkbox.swift; sourceTree = SOURCE_ROOT; };
		020DB3552AC6995900E08C6A /* SpaEvent.swift */ = {isa = PBXFileReference; lastKnownFileType = sourcecode.swift; name = SpaEvent.swift; path = AquaLogicPal/Models/SpaEvent.swift; sourceTree = SOURCE_ROOT; };
		022823002A4BE9FD00ABC0C5 /* LoginView.swift */ = {isa = PBXFileReference; lastKnownFileType = sourcecode.swift; path = LoginView.swift; sourceTree = "<group>"; };
		023B1F282A48CC890008D31E /* ChlorinationView.swift */ = {isa = PBXFileReference; lastKnownFileType = sourcecode.swift; path = ChlorinationView.swift; sourceTree = "<group>"; };
		023B1F2A2A49251D0008D31E /* ServiceModalView.swift */ = {isa = PBXFileReference; lastKnownFileType = sourcecode.swift; path = ServiceModalView.swift; sourceTree = "<group>"; };
		023B7E102ADC72E8002D7C21 /* ContentType.swift */ = {isa = PBXFileReference; lastKnownFileType = sourcecode.swift; name = ContentType.swift; path = AquaLogicPal/Models/ContentType.swift; sourceTree = SOURCE_ROOT; };
		024EA8AF2A8976EE0009EEB0 /* SupabaseClient.swift */ = {isa = PBXFileReference; lastKnownFileType = sourcecode.swift; name = SupabaseClient.swift; path = AquaLogicPal/Models/SupabaseClient.swift; sourceTree = SOURCE_ROOT; };
		024EA8B12A897D450009EEB0 /* InventoryItem.swift */ = {isa = PBXFileReference; lastKnownFileType = sourcecode.swift; name = InventoryItem.swift; path = AquaLogicPal/Models/InventoryItem.swift; sourceTree = SOURCE_ROOT; };
		024EA8B32A897E950009EEB0 /* CleaningRecord.swift */ = {isa = PBXFileReference; lastKnownFileType = sourcecode.swift; name = CleaningRecord.swift; path = AquaLogicPal/Models/CleaningRecord.swift; sourceTree = SOURCE_ROOT; };
		024EA8B62A898D1A0009EEB0 /* InventoryDetail.swift */ = {isa = PBXFileReference; lastKnownFileType = sourcecode.swift; name = InventoryDetail.swift; path = aqualogicpal/Components/Inventory/InventoryDetail.swift; sourceTree = SOURCE_ROOT; };
		024EA8B82A89AA660009EEB0 /* CleaningDetailView.swift */ = {isa = PBXFileReference; lastKnownFileType = sourcecode.swift; name = CleaningDetailView.swift; path = aqualogicpal/Components/Report/CleaningDetailView.swift; sourceTree = SOURCE_ROOT; };
		024F97582A9D828E002FE17E /* PoolEvents.swift */ = {isa = PBXFileReference; lastKnownFileType = sourcecode.swift; name = PoolEvents.swift; path = AquaLogicPal/Models/PoolEvents.swift; sourceTree = SOURCE_ROOT; };
		024FA20B2A54F562009F7CA3 /* AquaLogicMiniPal Watch App.app */ = {isa = PBXFileReference; explicitFileType = wrapper.application; includeInIndex = 0; path = "AquaLogicMiniPal Watch App.app"; sourceTree = BUILT_PRODUCTS_DIR; };
		024FA20D2A54F562009F7CA3 /* AquaLogicMiniPalApp.swift */ = {isa = PBXFileReference; lastKnownFileType = sourcecode.swift; path = AquaLogicMiniPalApp.swift; sourceTree = "<group>"; };
		024FA20F2A54F562009F7CA3 /* ContentView.swift */ = {isa = PBXFileReference; lastKnownFileType = sourcecode.swift; path = ContentView.swift; sourceTree = "<group>"; };
		024FA2112A54F563009F7CA3 /* Assets.xcassets */ = {isa = PBXFileReference; lastKnownFileType = folder.assetcatalog; path = Assets.xcassets; sourceTree = "<group>"; };
		024FA2142A54F563009F7CA3 /* Preview Assets.xcassets */ = {isa = PBXFileReference; lastKnownFileType = folder.assetcatalog; path = "Preview Assets.xcassets"; sourceTree = "<group>"; };
		0256FE5E2AD7A1AF00A8B76A /* Formatter.swift */ = {isa = PBXFileReference; lastKnownFileType = sourcecode.swift; name = Formatter.swift; path = AquaLogicPal/Models/Formatter.swift; sourceTree = SOURCE_ROOT; };
		0266E3082A9C602200048525 /* PoolEventUsageChart.swift */ = {isa = PBXFileReference; lastKnownFileType = sourcecode.swift; name = PoolEventUsageChart.swift; path = AquaLogicPal/Components/Charts/PoolEventUsageChart.swift; sourceTree = SOURCE_ROOT; };
		0266E30A2A9C65B300048525 /* PoolEvent.swift */ = {isa = PBXFileReference; lastKnownFileType = sourcecode.swift; name = PoolEvent.swift; path = AquaLogicPal/Models/PoolEvent.swift; sourceTree = SOURCE_ROOT; };
		0266E30C2A9C65E100048525 /* PoolEventType.swift */ = {isa = PBXFileReference; lastKnownFileType = sourcecode.swift; name = PoolEventType.swift; path = AquaLogicPal/Models/PoolEventType.swift; sourceTree = SOURCE_ROOT; };
		0267375D2AA8160F001AF618 /* CalendarView.swift */ = {isa = PBXFileReference; lastKnownFileType = sourcecode.swift; name = CalendarView.swift; path = AquaLogicPal/Components/Report/CalendarView.swift; sourceTree = SOURCE_ROOT; };
		0285D7C12A9944CB008D91F7 /* ImagePicker.swift */ = {isa = PBXFileReference; lastKnownFileType = sourcecode.swift; name = ImagePicker.swift; path = AquaLogicPal/Components/Report/ImagePicker.swift; sourceTree = SOURCE_ROOT; };
		0289CC522A47695900C91CFC /* StatusView.swift */ = {isa = PBXFileReference; lastKnownFileType = sourcecode.swift; path = StatusView.swift; sourceTree = "<group>"; };
		0289CC542A476CEF00C91CFC /* BlinkViewModifier.swift */ = {isa = PBXFileReference; lastKnownFileType = sourcecode.swift; path = BlinkViewModifier.swift; sourceTree = "<group>"; };
		0289CC562A47965600C91CFC /* CustomPoolCardView.swift */ = {isa = PBXFileReference; lastKnownFileType = sourcecode.swift; path = CustomPoolCardView.swift; sourceTree = "<group>"; };
		0289CC582A479A1F00C91CFC /* SpaData.swift */ = {isa = PBXFileReference; lastKnownFileType = sourcecode.swift; path = SpaData.swift; sourceTree = "<group>"; };
		0289CC5A2A479A6500C91CFC /* SaltData.swift */ = {isa = PBXFileReference; lastKnownFileType = sourcecode.swift; path = SaltData.swift; sourceTree = "<group>"; };
		0289CC5E2A47A65F00C91CFC /* SpaUseChart.swift */ = {isa = PBXFileReference; lastKnownFileType = sourcecode.swift; path = SpaUseChart.swift; sourceTree = "<group>"; };
		0289CC602A47A7B900C91CFC /* ChlorinationGaugeView.swift */ = {isa = PBXFileReference; lastKnownFileType = sourcecode.swift; path = ChlorinationGaugeView.swift; sourceTree = "<group>"; };
		028C9F4A2ABF544A0010CBC5 /* Tables.swift */ = {isa = PBXFileReference; lastKnownFileType = sourcecode.swift; name = Tables.swift; path = AquaLogicPal/Models/Tables.swift; sourceTree = SOURCE_ROOT; };
		028D68F62A9A6DC600AC996E /* AsyncButton.swift */ = {isa = PBXFileReference; lastKnownFileType = sourcecode.swift; name = AsyncButton.swift; path = AquaLogicPal/Components/AsyncButton.swift; sourceTree = SOURCE_ROOT; };
		028D68F82A9A8AE500AC996E /* FilterCartridgesView.swift */ = {isa = PBXFileReference; lastKnownFileType = sourcecode.swift; name = FilterCartridgesView.swift; path = AquaLogicPal/Components/Report/FilterCartridgesView.swift; sourceTree = SOURCE_ROOT; };
		028D68FA2A9A8B3D00AC996E /* FilterRecord.swift */ = {isa = PBXFileReference; lastKnownFileType = sourcecode.swift; name = FilterRecord.swift; path = AquaLogicPal/Models/FilterRecord.swift; sourceTree = SOURCE_ROOT; };
		028D68FD2A9ACF4500AC996E /* AquaLogicPalStore.swift */ = {isa = PBXFileReference; lastKnownFileType = sourcecode.swift; name = AquaLogicPalStore.swift; path = AquaLogicPal/Store/AquaLogicPalStore.swift; sourceTree = SOURCE_ROOT; };
		028D68FF2A9AF3FD00AC996E /* SaltLevelRangeChart.swift */ = {isa = PBXFileReference; lastKnownFileType = sourcecode.swift; name = SaltLevelRangeChart.swift; path = AquaLogicPal/Components/Charts/SaltLevelRangeChart.swift; sourceTree = SOURCE_ROOT; };
		028D69012A9AFA6600AC996E /* Constants.swift */ = {isa = PBXFileReference; lastKnownFileType = sourcecode.swift; name = Constants.swift; path = AquaLogicPal/Models/Constants.swift; sourceTree = SOURCE_ROOT; };
		0295B8AB2A8C6F380069B578 /* CleaningRow.swift */ = {isa = PBXFileReference; lastKnownFileType = sourcecode.swift; name = CleaningRow.swift; path = aqualogicpal/Components/Report/CleaningRow.swift; sourceTree = SOURCE_ROOT; };
		02A3D60E2A40C7A70046CD4F /* TitleView.swift */ = {isa = PBXFileReference; lastKnownFileType = sourcecode.swift; path = TitleView.swift; sourceTree = "<group>"; };
		02A3D6102A40C9AA0046CD4F /* ImageView.swift */ = {isa = PBXFileReference; lastKnownFileType = sourcecode.swift; path = ImageView.swift; sourceTree = "<group>"; };
		02A3D6122A40CECC0046CD4F /* BackgroundView.swift */ = {isa = PBXFileReference; lastKnownFileType = sourcecode.swift; path = BackgroundView.swift; sourceTree = "<group>"; };
		02A3D6142A40D5F90046CD4F /* aqualogicpal.entitlements */ = {isa = PBXFileReference; lastKnownFileType = text.plist.entitlements; path = aqualogicpal.entitlements; sourceTree = "<group>"; };
		02A3D6162A40DBE10046CD4F /* AquaLogicClient.swift */ = {isa = PBXFileReference; lastKnownFileType = sourcecode.swift; path = AquaLogicClient.swift; sourceTree = "<group>"; };
		02A3D6182A40F00A0046CD4F /* PascalCaseDecoder.swift */ = {isa = PBXFileReference; lastKnownFileType = sourcecode.swift; path = PascalCaseDecoder.swift; sourceTree = "<group>"; };
		02A3D61A2A41044D0046CD4F /* PoolCard.swift */ = {isa = PBXFileReference; lastKnownFileType = sourcecode.swift; path = PoolCard.swift; sourceTree = "<group>"; };
		02A3D6202A4110800046CD4F /* Info.plist */ = {isa = PBXFileReference; lastKnownFileType = text.plist; path = Info.plist; sourceTree = "<group>"; };
		02A3D6212A4122370046CD4F /* ScreenView.swift */ = {isa = PBXFileReference; lastKnownFileType = sourcecode.swift; path = ScreenView.swift; sourceTree = "<group>"; };
		02A3D6232A4123F00046CD4F /* RemoteButton.swift */ = {isa = PBXFileReference; lastKnownFileType = sourcecode.swift; path = RemoteButton.swift; sourceTree = "<group>"; };
		02A692722A3E661100F88EBE /* aqualogicpal.app */ = {isa = PBXFileReference; explicitFileType = wrapper.application; includeInIndex = 0; path = aqualogicpal.app; sourceTree = BUILT_PRODUCTS_DIR; };
		02A692752A3E661100F88EBE /* AquaLogicPalApp.swift */ = {isa = PBXFileReference; lastKnownFileType = sourcecode.swift; path = AquaLogicPalApp.swift; sourceTree = "<group>"; };
		02A692772A3E661100F88EBE /* ContentView.swift */ = {isa = PBXFileReference; lastKnownFileType = sourcecode.swift; path = ContentView.swift; sourceTree = "<group>"; };
		02A692792A3E661200F88EBE /* Assets.xcassets */ = {isa = PBXFileReference; lastKnownFileType = folder.assetcatalog; path = Assets.xcassets; sourceTree = "<group>"; };
		02A6927C2A3E661200F88EBE /* Preview Assets.xcassets */ = {isa = PBXFileReference; lastKnownFileType = folder.assetcatalog; path = "Preview Assets.xcassets"; sourceTree = "<group>"; };
		02AB9C262A5B5A6A00F1C32C /* TemperaturesView.swift */ = {isa = PBXFileReference; lastKnownFileType = sourcecode.swift; path = TemperaturesView.swift; sourceTree = "<group>"; };
		02AB9C282A5B600400F1C32C /* PoolCardView.swift */ = {isa = PBXFileReference; lastKnownFileType = sourcecode.swift; path = PoolCardView.swift; sourceTree = "<group>"; };
		02AB9C2D2A5B619000F1C32C /* CustomPoolCardView.swift */ = {isa = PBXFileReference; lastKnownFileType = sourcecode.swift; path = CustomPoolCardView.swift; sourceTree = "<group>"; };
		02ADDC0C2A59E7DF0043060F /* PoolControlsView.swift */ = {isa = PBXFileReference; lastKnownFileType = sourcecode.swift; path = PoolControlsView.swift; sourceTree = "<group>"; };
		02ADDC132A5A0E9D0043060F /* TemperatureCardView.swift */ = {isa = PBXFileReference; lastKnownFileType = sourcecode.swift; path = TemperatureCardView.swift; sourceTree = "<group>"; };
		02AF00612A97256E0043C100 /* AddItemSheetView.swift */ = {isa = PBXFileReference; lastKnownFileType = sourcecode.swift; name = AddItemSheetView.swift; path = aqualogicpal/Components/Inventory/AddItemSheetView.swift; sourceTree = SOURCE_ROOT; };
		02B415552A4F3F1400BEE718 /* Extensions.swift */ = {isa = PBXFileReference; lastKnownFileType = sourcecode.swift; path = Extensions.swift; sourceTree = "<group>"; };
		02B415572A4F44A000BEE718 /* AuthController.swift */ = {isa = PBXFileReference; lastKnownFileType = sourcecode.swift; path = AuthController.swift; sourceTree = "<group>"; };
		02B415592A4F5A7A00BEE718 /* NetworkManager.swift */ = {isa = PBXFileReference; lastKnownFileType = sourcecode.swift; path = NetworkManager.swift; sourceTree = "<group>"; };
		02B4155B2A4F5D1300BEE718 /* AquaLogicError.swift */ = {isa = PBXFileReference; lastKnownFileType = sourcecode.swift; path = AquaLogicError.swift; sourceTree = "<group>"; };
		02B655B22AC15D8900DAD66C /* SaltRange.swift */ = {isa = PBXFileReference; lastKnownFileType = sourcecode.swift; name = SaltRange.swift; path = AquaLogicPal/Models/SaltRange.swift; sourceTree = SOURCE_ROOT; };
		02BF2AFC2A538DF1002437D1 /* AnimationDetails.swift */ = {isa = PBXFileReference; lastKnownFileType = sourcecode.swift; path = AnimationDetails.swift; sourceTree = "<group>"; };
		02C173AE2A8868A6004BD18F /* ReportsView.swift */ = {isa = PBXFileReference; lastKnownFileType = sourcecode.swift; name = ReportsView.swift; path = aqualogicpal/ReportsView.swift; sourceTree = SOURCE_ROOT; };
		02C6B5072A3FA7B8009AF3F2 /* PoolControlsView.swift */ = {isa = PBXFileReference; lastKnownFileType = sourcecode.swift; path = PoolControlsView.swift; sourceTree = "<group>"; };
		02C6B5092A3FAAD1009AF3F2 /* RemoteDisplayView.swift */ = {isa = PBXFileReference; lastKnownFileType = sourcecode.swift; path = RemoteDisplayView.swift; sourceTree = "<group>"; };
		02C6B50B2A3FAADB009AF3F2 /* DiagnosticsView.swift */ = {isa = PBXFileReference; lastKnownFileType = sourcecode.swift; path = DiagnosticsView.swift; sourceTree = "<group>"; };
		02C6B50D2A3FB0F8009AF3F2 /* TemperatureCardView.swift */ = {isa = PBXFileReference; lastKnownFileType = sourcecode.swift; path = TemperatureCardView.swift; sourceTree = "<group>"; };
		02C6B5102A3FF61A009AF3F2 /* AquaLogic.swift */ = {isa = PBXFileReference; lastKnownFileType = sourcecode.swift; path = AquaLogic.swift; sourceTree = "<group>"; };
		02C6B5122A3FF7F9009AF3F2 /* Display.swift */ = {isa = PBXFileReference; lastKnownFileType = sourcecode.swift; path = Display.swift; sourceTree = "<group>"; };
		02C6B5142A3FF80E009AF3F2 /* DisplaySection.swift */ = {isa = PBXFileReference; lastKnownFileType = sourcecode.swift; path = DisplaySection.swift; sourceTree = "<group>"; };
		02C6B5162A400337009AF3F2 /* PoolCardView.swift */ = {isa = PBXFileReference; lastKnownFileType = sourcecode.swift; path = PoolCardView.swift; sourceTree = "<group>"; };
		02C6B5182A4003E2009AF3F2 /* PoolState.swift */ = {isa = PBXFileReference; lastKnownFileType = sourcecode.swift; path = PoolState.swift; sourceTree = "<group>"; };
		02C6B51A2A400A13009AF3F2 /* RotatingIcon.swift */ = {isa = PBXFileReference; lastKnownFileType = sourcecode.swift; path = RotatingIcon.swift; sourceTree = "<group>"; };
		02C862512A7C44B3002D77A4 /* PoolStatesView.swift */ = {isa = PBXFileReference; lastKnownFileType = sourcecode.swift; name = PoolStatesView.swift; path = aqualogicpal/Components/HomePage/PoolStatesView.swift; sourceTree = SOURCE_ROOT; };
		02C862532A7CA265002D77A4 /* TemperaturesView.swift */ = {isa = PBXFileReference; lastKnownFileType = sourcecode.swift; name = TemperaturesView.swift; path = aqualogicpal/Components/HomePage/TemperaturesView.swift; sourceTree = SOURCE_ROOT; };
		02D43AC62AB93FD10073616D /* WidgetKit.framework */ = {isa = PBXFileReference; lastKnownFileType = wrapper.framework; name = WidgetKit.framework; path = System/Library/Frameworks/WidgetKit.framework; sourceTree = SDKROOT; };
		02D43AC82AB93FD10073616D /* SwiftUI.framework */ = {isa = PBXFileReference; lastKnownFileType = wrapper.framework; name = SwiftUI.framework; path = System/Library/Frameworks/SwiftUI.framework; sourceTree = SDKROOT; };
		02D43AFC2AB94D990073616D /* SpaWidgetExtension.appex */ = {isa = PBXFileReference; explicitFileType = "wrapper.app-extension"; includeInIndex = 0; path = SpaWidgetExtension.appex; sourceTree = BUILT_PRODUCTS_DIR; };
		02D43B002AB94D990073616D /* SpaWidgetBundle.swift */ = {isa = PBXFileReference; lastKnownFileType = sourcecode.swift; path = SpaWidgetBundle.swift; sourceTree = "<group>"; };
		02D43B022AB94D990073616D /* SpaWidgetLiveActivity.swift */ = {isa = PBXFileReference; lastKnownFileType = sourcecode.swift; path = SpaWidgetLiveActivity.swift; sourceTree = "<group>"; };
		02D43B062AB94D9A0073616D /* Assets.xcassets */ = {isa = PBXFileReference; lastKnownFileType = folder.assetcatalog; path = Assets.xcassets; sourceTree = "<group>"; };
		02D43B082AB94D9A0073616D /* Info.plist */ = {isa = PBXFileReference; lastKnownFileType = text.plist.xml; path = Info.plist; sourceTree = "<group>"; };
		02E453A22A906306006245AB /* LiquidView.swift */ = {isa = PBXFileReference; lastKnownFileType = sourcecode.swift; name = LiquidView.swift; path = aqualogicpal/Components/Inventory/LiquidView.swift; sourceTree = SOURCE_ROOT; };
		02E64EBF2A8B13EB0080EACF /* AcidContainer.swift */ = {isa = PBXFileReference; lastKnownFileType = sourcecode.swift; name = AcidContainer.swift; path = aqualogicpal/Components/Inventory/AcidContainer.swift; sourceTree = SOURCE_ROOT; };
		02E64EC12A8B388B0080EACF /* ItemType.swift */ = {isa = PBXFileReference; lastKnownFileType = sourcecode.swift; name = ItemType.swift; path = AquaLogicPal/Models/ItemType.swift; sourceTree = SOURCE_ROOT; };
		02E6BBA22A915E0D00E841AE /* Card.swift */ = {isa = PBXFileReference; lastKnownFileType = sourcecode.swift; name = Card.swift; path = AquaLogicPal/Components/Card.swift; sourceTree = SOURCE_ROOT; };
		02E6BBA42A91811100E841AE /* _Secrets.swift */ = {isa = PBXFileReference; lastKnownFileType = sourcecode.swift; name = _Secrets.swift; path = AquaLogicPal/Models/_Secrets.swift; sourceTree = SOURCE_ROOT; };
		02E6BBA62A91915D00E841AE /* HomeView.swift */ = {isa = PBXFileReference; lastKnownFileType = sourcecode.swift; name = HomeView.swift; path = AquaLogicPal/HomeView.swift; sourceTree = SOURCE_ROOT; };
		02EF32462A95AC9000DEBBB4 /* InventoryView.swift */ = {isa = PBXFileReference; lastKnownFileType = sourcecode.swift; name = InventoryView.swift; path = aqualogicpal/InventoryView.swift; sourceTree = SOURCE_ROOT; };
		02FE31732AC93D180084C646 /* ChartDetailCard.swift */ = {isa = PBXFileReference; lastKnownFileType = sourcecode.swift; name = ChartDetailCard.swift; path = AquaLogicPal/Components/Charts/ChartDetailCard.swift; sourceTree = SOURCE_ROOT; };
		79E61A3340CD3B5B425ADD77 /* Pods_aqualogicminipal_Watch_App.framework */ = {isa = PBXFileReference; explicitFileType = wrapper.framework; includeInIndex = 0; path = Pods_aqualogicminipal_Watch_App.framework; sourceTree = BUILT_PRODUCTS_DIR; };
		F464AEB6CADEB3C4ABFC2EE6 /* Pods_aqualogicpal.framework */ = {isa = PBXFileReference; explicitFileType = wrapper.framework; includeInIndex = 0; path = Pods_aqualogicpal.framework; sourceTree = BUILT_PRODUCTS_DIR; };
/* End PBXFileReference section */

/* Begin PBXFrameworksBuildPhase section */
		024FA2082A54F562009F7CA3 /* Frameworks */ = {
			isa = PBXFrameworksBuildPhase;
			buildActionMask = 2147483647;
			files = (
				02ADDC072A59E6210043060F /* PusherSwift in Frameworks */,
			);
			runOnlyForDeploymentPostprocessing = 0;
		};
		02A6926F2A3E661100F88EBE /* Frameworks */ = {
			isa = PBXFrameworksBuildPhase;
			buildActionMask = 2147483647;
			files = (
				02E3602C2AAD10740084F0A4 /* PopupView in Frameworks */,
				022AECDF2A834731003FE79F /* Supabase in Frameworks */,
				02B4155F2A4F6F9600BEE718 /* Alamofire in Frameworks */,
				0272EEF82A428B6A000A70C5 /* PusherSwift in Frameworks */,
				02167FBE2A95C7E400DFD01A /* AlertToast in Frameworks */,
				025572842A61191E00854441 /* Liquid in Frameworks */,
			);
			runOnlyForDeploymentPostprocessing = 0;
		};
		02D43AF92AB94D990073616D /* Frameworks */ = {
			isa = PBXFrameworksBuildPhase;
			buildActionMask = 2147483647;
			files = (
				02D43AFE2AB94D990073616D /* SwiftUI.framework in Frameworks */,
				02D43AFD2AB94D990073616D /* WidgetKit.framework in Frameworks */,
			);
			runOnlyForDeploymentPostprocessing = 0;
		};
/* End PBXFrameworksBuildPhase section */

/* Begin PBXGroup section */
		024EA8B52A8982D30009EEB0 /* Charts */ = {
			isa = PBXGroup;
			children = (
				0289CC5E2A47A65F00C91CFC /* SpaUseChart.swift */,
				028D68FF2A9AF3FD00AC996E /* SaltLevelRangeChart.swift */,
				0266E3082A9C602200048525 /* PoolEventUsageChart.swift */,
				02FE31732AC93D180084C646 /* ChartDetailCard.swift */,
			);
			path = Charts;
			sourceTree = "<group>";
		};
		024FA20C2A54F562009F7CA3 /* AquaLogicMiniPal Watch App */ = {
			isa = PBXGroup;
			children = (
				024FA20D2A54F562009F7CA3 /* AquaLogicMiniPalApp.swift */,
				024FA20F2A54F562009F7CA3 /* ContentView.swift */,
				02ADDC0C2A59E7DF0043060F /* PoolControlsView.swift */,
				02ADDC132A5A0E9D0043060F /* TemperatureCardView.swift */,
				02AB9C262A5B5A6A00F1C32C /* TemperaturesView.swift */,
				02AB9C282A5B600400F1C32C /* PoolCardView.swift */,
				02AB9C2D2A5B619000F1C32C /* CustomPoolCardView.swift */,
				024FA2112A54F563009F7CA3 /* Assets.xcassets */,
				024FA2132A54F563009F7CA3 /* Preview Content */,
			);
			path = "AquaLogicMiniPal Watch App";
			sourceTree = "<group>";
		};
		024FA2132A54F563009F7CA3 /* Preview Content */ = {
			isa = PBXGroup;
			children = (
				024FA2142A54F563009F7CA3 /* Preview Assets.xcassets */,
			);
			path = "Preview Content";
			sourceTree = "<group>";
		};
		028D68FC2A9ACF0E00AC996E /* Store */ = {
			isa = PBXGroup;
			children = (
				028D68FD2A9ACF4500AC996E /* AquaLogicPalStore.swift */,
			);
			path = Store;
			sourceTree = "<group>";
		};
		02A692692A3E661100F88EBE = {
			isa = PBXGroup;
			children = (
				02A692742A3E661100F88EBE /* aqualogicpal */,
				024FA20C2A54F562009F7CA3 /* AquaLogicMiniPal Watch App */,
				02D43AFF2AB94D990073616D /* SpaWidget */,
				02A692732A3E661100F88EBE /* Products */,
				08C1760F1588E38718A5DF5E /* Frameworks */,
			);
			sourceTree = "<group>";
		};
		02A692732A3E661100F88EBE /* Products */ = {
			isa = PBXGroup;
			children = (
				02A692722A3E661100F88EBE /* aqualogicpal.app */,
				024FA20B2A54F562009F7CA3 /* AquaLogicMiniPal Watch App.app */,
				02D43AFC2AB94D990073616D /* SpaWidgetExtension.appex */,
			);
			name = Products;
			sourceTree = "<group>";
		};
		02A692742A3E661100F88EBE /* aqualogicpal */ = {
			isa = PBXGroup;
			children = (
				02A3D6202A4110800046CD4F /* Info.plist */,
				02A3D6142A40D5F90046CD4F /* aqualogicpal.entitlements */,
				02C6B50F2A3FF603009AF3F2 /* Models */,
				02C173B02A8882C7004BD18F /* Components */,
				028D68FC2A9ACF0E00AC996E /* Store */,
				02A692752A3E661100F88EBE /* AquaLogicPalApp.swift */,
				02A692772A3E661100F88EBE /* ContentView.swift */,
				02E6BBA62A91915D00E841AE /* HomeView.swift */,
				02C6B5072A3FA7B8009AF3F2 /* PoolControlsView.swift */,
				02C6B5092A3FAAD1009AF3F2 /* RemoteDisplayView.swift */,
				02EF32462A95AC9000DEBBB4 /* InventoryView.swift */,
				02C173AE2A8868A6004BD18F /* ReportsView.swift */,
				02C6B50B2A3FAADB009AF3F2 /* DiagnosticsView.swift */,
				02A3D6182A40F00A0046CD4F /* PascalCaseDecoder.swift */,
				022823002A4BE9FD00ABC0C5 /* LoginView.swift */,
				02B415552A4F3F1400BEE718 /* Extensions.swift */,
				02A692792A3E661200F88EBE /* Assets.xcassets */,
				02A6927B2A3E661200F88EBE /* Preview Content */,
			);
			path = aqualogicpal;
			sourceTree = "<group>";
		};
		02A6927B2A3E661200F88EBE /* Preview Content */ = {
			isa = PBXGroup;
			children = (
				02A6927C2A3E661200F88EBE /* Preview Assets.xcassets */,
			);
			path = "Preview Content";
			sourceTree = "<group>";
		};
		02AF00632A9725CF0043C100 /* Inventory */ = {
			isa = PBXGroup;
			children = (
				024EA8B62A898D1A0009EEB0 /* InventoryDetail.swift */,
				02AF00612A97256E0043C100 /* AddItemSheetView.swift */,
				02E64EBF2A8B13EB0080EACF /* AcidContainer.swift */,
				02E453A22A906306006245AB /* LiquidView.swift */,
			);
			path = Inventory;
			sourceTree = "<group>";
		};
		02AF00642A9725D50043C100 /* Report */ = {
			isa = PBXGroup;
			children = (
				0295B8AB2A8C6F380069B578 /* CleaningRow.swift */,
				024EA8B82A89AA660009EEB0 /* CleaningDetailView.swift */,
				0209B4062A926CAE00C2899A /* PoolCleaningCheckListView.swift */,
				0209B40A2A926FE300C2899A /* CheckBoxView.swift */,
				0209B40E2A92E0E000C2899A /* Checkbox.swift */,
				0285D7C12A9944CB008D91F7 /* ImagePicker.swift */,
				028D68F82A9A8AE500AC996E /* FilterCartridgesView.swift */,
				0267375D2AA8160F001AF618 /* CalendarView.swift */,
			);
			path = Report;
			sourceTree = "<group>";
		};
		02AF00652A9725DF0043C100 /* Diagnostics */ = {
			isa = PBXGroup;
			children = (
				0289CC602A47A7B900C91CFC /* ChlorinationGaugeView.swift */,
				023B1F282A48CC890008D31E /* ChlorinationView.swift */,
			);
			path = Diagnostics;
			sourceTree = "<group>";
		};
		02AF00662A9725E70043C100 /* HomePage */ = {
			isa = PBXGroup;
			children = (
				02C6B5162A400337009AF3F2 /* PoolCardView.swift */,
				0289CC562A47965600C91CFC /* CustomPoolCardView.swift */,
				02C6B50D2A3FB0F8009AF3F2 /* TemperatureCardView.swift */,
				02C862532A7CA265002D77A4 /* TemperaturesView.swift */,
				02C862512A7C44B3002D77A4 /* PoolStatesView.swift */,
				02C6B51A2A400A13009AF3F2 /* RotatingIcon.swift */,
			);
			path = HomePage;
			sourceTree = "<group>";
		};
		02AF00672A9725FB0043C100 /* Display */ = {
			isa = PBXGroup;
			children = (
				02A3D6232A4123F00046CD4F /* RemoteButton.swift */,
				02A3D6212A4122370046CD4F /* ScreenView.swift */,
			);
			path = Display;
			sourceTree = "<group>";
		};
		02C173B02A8882C7004BD18F /* Components */ = {
			isa = PBXGroup;
			children = (
				02AF00672A9725FB0043C100 /* Display */,
				02AF00662A9725E70043C100 /* HomePage */,
				02AF00652A9725DF0043C100 /* Diagnostics */,
				02AF00642A9725D50043C100 /* Report */,
				02AF00632A9725CF0043C100 /* Inventory */,
				024EA8B52A8982D30009EEB0 /* Charts */,
				02A3D60E2A40C7A70046CD4F /* TitleView.swift */,
				02A3D6102A40C9AA0046CD4F /* ImageView.swift */,
				0289CC522A47695900C91CFC /* StatusView.swift */,
				02A3D6122A40CECC0046CD4F /* BackgroundView.swift */,
				0289CC542A476CEF00C91CFC /* BlinkViewModifier.swift */,
				023B1F2A2A49251D0008D31E /* ServiceModalView.swift */,
				02E6BBA22A915E0D00E841AE /* Card.swift */,
				028D68F62A9A6DC600AC996E /* AsyncButton.swift */,
			);
			path = Components;
			sourceTree = "<group>";
		};
		02C6B50F2A3FF603009AF3F2 /* Models */ = {
			isa = PBXGroup;
			children = (
				02C6B5102A3FF61A009AF3F2 /* AquaLogic.swift */,
				02C6B5122A3FF7F9009AF3F2 /* Display.swift */,
				02C6B5142A3FF80E009AF3F2 /* DisplaySection.swift */,
				02C6B5182A4003E2009AF3F2 /* PoolState.swift */,
				02A3D6162A40DBE10046CD4F /* AquaLogicClient.swift */,
				024EA8AF2A8976EE0009EEB0 /* SupabaseClient.swift */,
				02A3D61A2A41044D0046CD4F /* PoolCard.swift */,
				0289CC582A479A1F00C91CFC /* SpaData.swift */,
				020DB3552AC6995900E08C6A /* SpaEvent.swift */,
				0289CC5A2A479A6500C91CFC /* SaltData.swift */,
				02B655B22AC15D8900DAD66C /* SaltRange.swift */,
				02B415572A4F44A000BEE718 /* AuthController.swift */,
				02B415592A4F5A7A00BEE718 /* NetworkManager.swift */,
				02B4155B2A4F5D1300BEE718 /* AquaLogicError.swift */,
				02BF2AFC2A538DF1002437D1 /* AnimationDetails.swift */,
				024EA8B12A897D450009EEB0 /* InventoryItem.swift */,
				024EA8B32A897E950009EEB0 /* CleaningRecord.swift */,
				028D68FA2A9A8B3D00AC996E /* FilterRecord.swift */,
				0209B4082A926E1800C2899A /* CheckListItem.swift */,
				02E64EC12A8B388B0080EACF /* ItemType.swift */,
				02E6BBA42A91811100E841AE /* _Secrets.swift */,
				028D69012A9AFA6600AC996E /* Constants.swift */,
				0266E30A2A9C65B300048525 /* PoolEvent.swift */,
				0266E30C2A9C65E100048525 /* PoolEventType.swift */,
				024F97582A9D828E002FE17E /* PoolEvents.swift */,
				028C9F4A2ABF544A0010CBC5 /* Tables.swift */,
				0256FE5E2AD7A1AF00A8B76A /* Formatter.swift */,
				023B7E102ADC72E8002D7C21 /* ContentType.swift */,
			);
			path = Models;
			sourceTree = "<group>";
		};
		02D43AFF2AB94D990073616D /* SpaWidget */ = {
			isa = PBXGroup;
			children = (
				02D43B002AB94D990073616D /* SpaWidgetBundle.swift */,
				02D43B022AB94D990073616D /* SpaWidgetLiveActivity.swift */,
				02D43B062AB94D9A0073616D /* Assets.xcassets */,
				02D43B082AB94D9A0073616D /* Info.plist */,
			);
			path = SpaWidget;
			sourceTree = "<group>";
		};
		08C1760F1588E38718A5DF5E /* Frameworks */ = {
			isa = PBXGroup;
			children = (
				79E61A3340CD3B5B425ADD77 /* Pods_aqualogicminipal_Watch_App.framework */,
				F464AEB6CADEB3C4ABFC2EE6 /* Pods_aqualogicpal.framework */,
				02D43AC62AB93FD10073616D /* WidgetKit.framework */,
				02D43AC82AB93FD10073616D /* SwiftUI.framework */,
			);
			name = Frameworks;
			sourceTree = "<group>";
		};
/* End PBXGroup section */

/* Begin PBXNativeTarget section */
		024FA20A2A54F562009F7CA3 /* AquaLogicMiniPal Watch App */ = {
			isa = PBXNativeTarget;
			buildConfigurationList = 024FA2192A54F563009F7CA3 /* Build configuration list for PBXNativeTarget "AquaLogicMiniPal Watch App" */;
			buildPhases = (
				024FA2072A54F562009F7CA3 /* Sources */,
				024FA2082A54F562009F7CA3 /* Frameworks */,
				024FA2092A54F562009F7CA3 /* Resources */,
			);
			buildRules = (
			);
			dependencies = (
			);
			name = "AquaLogicMiniPal Watch App";
			packageProductDependencies = (
				02ADDC062A59E6210043060F /* PusherSwift */,
			);
			productName = "AquaLogicMiniPal Watch App";
			productReference = 024FA20B2A54F562009F7CA3 /* AquaLogicMiniPal Watch App.app */;
			productType = "com.apple.product-type.application";
		};
		02A692712A3E661100F88EBE /* aqualogicpal */ = {
			isa = PBXNativeTarget;
			buildConfigurationList = 02A692802A3E661200F88EBE /* Build configuration list for PBXNativeTarget "aqualogicpal" */;
			buildPhases = (
				02A6926E2A3E661100F88EBE /* Sources */,
				02A6926F2A3E661100F88EBE /* Frameworks */,
				02A692702A3E661100F88EBE /* Resources */,
				02A692982A3E662D00F88EBE /* Embed Watch Content */,
				02D43ADC2AB93FD20073616D /* Embed Foundation Extensions */,
			);
			buildRules = (
			);
			dependencies = (
				024FA2172A54F563009F7CA3 /* PBXTargetDependency */,
				02D43B0A2AB94D9A0073616D /* PBXTargetDependency */,
			);
			name = aqualogicpal;
			packageProductDependencies = (
				0272EEF72A428B6A000A70C5 /* PusherSwift */,
				02B4155E2A4F6F9600BEE718 /* Alamofire */,
				025572832A61191E00854441 /* Liquid */,
				022AECDE2A834731003FE79F /* Supabase */,
				02167FBD2A95C7E400DFD01A /* AlertToast */,
				02E3602B2AAD10740084F0A4 /* PopupView */,
			);
			productName = aqualogicpal;
			productReference = 02A692722A3E661100F88EBE /* aqualogicpal.app */;
			productType = "com.apple.product-type.application";
		};
		02D43AFB2AB94D990073616D /* SpaWidgetExtension */ = {
			isa = PBXNativeTarget;
			buildConfigurationList = 02D43B0C2AB94D9A0073616D /* Build configuration list for PBXNativeTarget "SpaWidgetExtension" */;
			buildPhases = (
				02D43AF82AB94D990073616D /* Sources */,
				02D43AF92AB94D990073616D /* Frameworks */,
				02D43AFA2AB94D990073616D /* Resources */,
			);
			buildRules = (
			);
			dependencies = (
			);
			name = SpaWidgetExtension;
			productName = SpaWidgetExtension;
			productReference = 02D43AFC2AB94D990073616D /* SpaWidgetExtension.appex */;
			productType = "com.apple.product-type.app-extension";
		};
/* End PBXNativeTarget section */

/* Begin PBXProject section */
		02A6926A2A3E661100F88EBE /* Project object */ = {
			isa = PBXProject;
			attributes = {
				BuildIndependentTargetsInParallel = 1;
				LastSwiftUpdateCheck = 1500;
				LastUpgradeCheck = 1500;
				TargetAttributes = {
					024FA20A2A54F562009F7CA3 = {
						CreatedOnToolsVersion = 14.3;
					};
					02A692712A3E661100F88EBE = {
						CreatedOnToolsVersion = 14.3;
					};
					02D43AFB2AB94D990073616D = {
						CreatedOnToolsVersion = 15.0;
					};
				};
			};
			buildConfigurationList = 02A6926D2A3E661100F88EBE /* Build configuration list for PBXProject "AquaLogicPal" */;
			compatibilityVersion = "Xcode 14.0";
			developmentRegion = en;
			hasScannedForEncodings = 0;
			knownRegions = (
				en,
				Base,
			);
			mainGroup = 02A692692A3E661100F88EBE;
			packageReferences = (
				0272EEF62A428B6A000A70C5 /* XCRemoteSwiftPackageReference "pusher-websocket-swift" */,
				02B4155D2A4F6F9600BEE718 /* XCRemoteSwiftPackageReference "Alamofire" */,
				025572822A61191E00854441 /* XCRemoteSwiftPackageReference "liquid" */,
				022AECDD2A834731003FE79F /* XCRemoteSwiftPackageReference "supabase-swift" */,
				02167FBC2A95C7E300DFD01A /* XCRemoteSwiftPackageReference "AlertToast" */,
				02E3602A2AAD10740084F0A4 /* XCRemoteSwiftPackageReference "PopupView" */,
			);
			productRefGroup = 02A692732A3E661100F88EBE /* Products */;
			projectDirPath = "";
			projectRoot = "";
			targets = (
				02A692712A3E661100F88EBE /* aqualogicpal */,
				024FA20A2A54F562009F7CA3 /* AquaLogicMiniPal Watch App */,
				02D43AFB2AB94D990073616D /* SpaWidgetExtension */,
			);
		};
/* End PBXProject section */

/* Begin PBXResourcesBuildPhase section */
		024FA2092A54F562009F7CA3 /* Resources */ = {
			isa = PBXResourcesBuildPhase;
			buildActionMask = 2147483647;
			files = (
				024FA2152A54F563009F7CA3 /* Preview Assets.xcassets in Resources */,
				024FA2122A54F563009F7CA3 /* Assets.xcassets in Resources */,
			);
			runOnlyForDeploymentPostprocessing = 0;
		};
		02A692702A3E661100F88EBE /* Resources */ = {
			isa = PBXResourcesBuildPhase;
			buildActionMask = 2147483647;
			files = (
				02A6927D2A3E661200F88EBE /* Preview Assets.xcassets in Resources */,
				02A6927A2A3E661200F88EBE /* Assets.xcassets in Resources */,
			);
			runOnlyForDeploymentPostprocessing = 0;
		};
		02D43AFA2AB94D990073616D /* Resources */ = {
			isa = PBXResourcesBuildPhase;
			buildActionMask = 2147483647;
			files = (
				02D43B072AB94D9A0073616D /* Assets.xcassets in Resources */,
			);
			runOnlyForDeploymentPostprocessing = 0;
		};
/* End PBXResourcesBuildPhase section */

/* Begin PBXSourcesBuildPhase section */
		024FA2072A54F562009F7CA3 /* Sources */ = {
			isa = PBXSourcesBuildPhase;
			buildActionMask = 2147483647;
			files = (
				02D535292A5D0CF200C84EB4 /* PoolCardView.swift in Sources */,
				02D5352A2A5D0CF200C84EB4 /* CustomPoolCardView.swift in Sources */,
				02ADDC092A59E63C0043060F /* Display.swift in Sources */,
				02ADDC082A59E6320043060F /* PascalCaseDecoder.swift in Sources */,
				02ADDC0A2A59E63C0043060F /* DisplaySection.swift in Sources */,
				02AB9C2C2A5B606F00F1C32C /* ImageView.swift in Sources */,
				02ADDC012A59E6030043060F /* PoolCard.swift in Sources */,
				02ADDC042A59E6030043060F /* AquaLogic.swift in Sources */,
				024FA2102A54F562009F7CA3 /* ContentView.swift in Sources */,
				02ADDC142A5A0E9D0043060F /* TemperatureCardView.swift in Sources */,
				024FA20E2A54F562009F7CA3 /* AquaLogicMiniPalApp.swift in Sources */,
				02ADDC022A59E6030043060F /* PoolState.swift in Sources */,
				02ADDC032A59E6030043060F /* AquaLogicClient.swift in Sources */,
				02E860A62ACA434A00DE2B19 /* _Secrets.swift in Sources */,
				02AB9C2A2A5B602500F1C32C /* AnimationDetails.swift in Sources */,
				02AB9C272A5B5A6A00F1C32C /* TemperaturesView.swift in Sources */,
				02ADDC122A59FD560043060F /* Extensions.swift in Sources */,
				02ADDC0D2A59E7DF0043060F /* PoolControlsView.swift in Sources */,
			);
			runOnlyForDeploymentPostprocessing = 0;
		};
		02A6926E2A3E661100F88EBE /* Sources */ = {
			isa = PBXSourcesBuildPhase;
			buildActionMask = 2147483647;
			files = (
				0202A7192ABA91BA00840CB2 /* SpaWidgetLiveActivity.swift in Sources */,
				0289CC572A47965600C91CFC /* CustomPoolCardView.swift in Sources */,
				0209B4072A926CAE00C2899A /* PoolCleaningCheckListView.swift in Sources */,
				02B4155C2A4F5D1300BEE718 /* AquaLogicError.swift in Sources */,
				02A3D6132A40CECC0046CD4F /* BackgroundView.swift in Sources */,
				02C862522A7C44B3002D77A4 /* PoolStatesView.swift in Sources */,
				02A692782A3E661100F88EBE /* ContentView.swift in Sources */,
				0285D7C22A9944CB008D91F7 /* ImagePicker.swift in Sources */,
				0209B40B2A926FE300C2899A /* CheckBoxView.swift in Sources */,
				0209B40F2A92E0E000C2899A /* Checkbox.swift in Sources */,
				02C6B50C2A3FAADB009AF3F2 /* DiagnosticsView.swift in Sources */,
				024EA8B42A897E950009EEB0 /* CleaningRecord.swift in Sources */,
				0289CC5F2A47A65F00C91CFC /* SpaUseChart.swift in Sources */,
				028D68FE2A9ACF4500AC996E /* AquaLogicPalStore.swift in Sources */,
				02E6BBA52A91811100E841AE /* _Secrets.swift in Sources */,
				02C6B51B2A400A13009AF3F2 /* RotatingIcon.swift in Sources */,
				0266E30B2A9C65B300048525 /* PoolEvent.swift in Sources */,
				0289CC5B2A479A6500C91CFC /* SaltData.swift in Sources */,
				0289CC552A476CEF00C91CFC /* BlinkViewModifier.swift in Sources */,
				02EF32472A95AC9000DEBBB4 /* InventoryView.swift in Sources */,
				023B1F2B2A49251D0008D31E /* ServiceModalView.swift in Sources */,
				02C6B5152A3FF80E009AF3F2 /* DisplaySection.swift in Sources */,
				02B4155A2A4F5A7A00BEE718 /* NetworkManager.swift in Sources */,
				02E453A32A906306006245AB /* LiquidView.swift in Sources */,
				023B1F292A48CC890008D31E /* ChlorinationView.swift in Sources */,
				02A3D6172A40DBE10046CD4F /* AquaLogicClient.swift in Sources */,
				02C6B5112A3FF61A009AF3F2 /* AquaLogic.swift in Sources */,
				02C6B5172A400337009AF3F2 /* PoolCardView.swift in Sources */,
				02A3D6192A40F00A0046CD4F /* PascalCaseDecoder.swift in Sources */,
				028D68F72A9A6DC600AC996E /* AsyncButton.swift in Sources */,
				028C9F4B2ABF544A0010CBC5 /* Tables.swift in Sources */,
				02C862542A7CA266002D77A4 /* TemperaturesView.swift in Sources */,
				02A3D61B2A41044D0046CD4F /* PoolCard.swift in Sources */,
				028D68F92A9A8AE500AC996E /* FilterCartridgesView.swift in Sources */,
				028D68FB2A9A8B3D00AC996E /* FilterRecord.swift in Sources */,
				02B655B32AC15D8900DAD66C /* SaltRange.swift in Sources */,
				0256FE5F2AD7A1AF00A8B76A /* Formatter.swift in Sources */,
				02A692762A3E661100F88EBE /* AquaLogicPalApp.swift in Sources */,
				0289CC532A47695900C91CFC /* StatusView.swift in Sources */,
				02E64EC22A8B388B0080EACF /* ItemType.swift in Sources */,
				02C6B5082A3FA7B8009AF3F2 /* PoolControlsView.swift in Sources */,
				02FE31742AC93D180084C646 /* ChartDetailCard.swift in Sources */,
				02C6B50E2A3FB0F8009AF3F2 /* TemperatureCardView.swift in Sources */,
				028D69002A9AF3FD00AC996E /* SaltLevelRangeChart.swift in Sources */,
				024EA8B92A89AA660009EEB0 /* CleaningDetailView.swift in Sources */,
				02C173AF2A8868A6004BD18F /* ReportsView.swift in Sources */,
				024EA8B02A8976EE0009EEB0 /* SupabaseClient.swift in Sources */,
				02C6B5132A3FF7F9009AF3F2 /* Display.swift in Sources */,
				022823012A4BE9FD00ABC0C5 /* LoginView.swift in Sources */,
				02E64EC02A8B13EB0080EACF /* AcidContainer.swift in Sources */,
				024EA8B22A897D450009EEB0 /* InventoryItem.swift in Sources */,
				02C6B50A2A3FAAD1009AF3F2 /* RemoteDisplayView.swift in Sources */,
				02A3D6222A4122370046CD4F /* ScreenView.swift in Sources */,
				02A3D60F2A40C7A70046CD4F /* TitleView.swift in Sources */,
				02E6BBA32A915E0D00E841AE /* Card.swift in Sources */,
				02A3D6242A4123F00046CD4F /* RemoteButton.swift in Sources */,
				024EA8B72A898D1A0009EEB0 /* InventoryDetail.swift in Sources */,
				02B415562A4F3F1400BEE718 /* Extensions.swift in Sources */,
				024F97592A9D828E002FE17E /* PoolEvents.swift in Sources */,
				0267375E2AA8160F001AF618 /* CalendarView.swift in Sources */,
				0289CC612A47A7B900C91CFC /* ChlorinationGaugeView.swift in Sources */,
				028D69022A9AFA6600AC996E /* Constants.swift in Sources */,
				02AF00622A97256E0043C100 /* AddItemSheetView.swift in Sources */,
				0266E3092A9C602200048525 /* PoolEventUsageChart.swift in Sources */,
				02B415582A4F44A000BEE718 /* AuthController.swift in Sources */,
				023B7E112ADC72E8002D7C21 /* ContentType.swift in Sources */,
				0209B4092A926E1800C2899A /* CheckListItem.swift in Sources */,
				0295B8AC2A8C6F380069B578 /* CleaningRow.swift in Sources */,
				02E6BBA72A91915D00E841AE /* HomeView.swift in Sources */,
				02A3D6112A40C9AA0046CD4F /* ImageView.swift in Sources */,
				0266E30D2A9C65E100048525 /* PoolEventType.swift in Sources */,
				0289CC592A479A1F00C91CFC /* SpaData.swift in Sources */,
				02BF2AFD2A538DF1002437D1 /* AnimationDetails.swift in Sources */,
				02C6B5192A4003E2009AF3F2 /* PoolState.swift in Sources */,
				020DB3562AC6995900E08C6A /* SpaEvent.swift in Sources */,
			);
			runOnlyForDeploymentPostprocessing = 0;
		};
		02D43AF82AB94D990073616D /* Sources */ = {
			isa = PBXSourcesBuildPhase;
			buildActionMask = 2147483647;
			files = (
				02D43B012AB94D990073616D /* SpaWidgetBundle.swift in Sources */,
				02D43B032AB94D990073616D /* SpaWidgetLiveActivity.swift in Sources */,
			);
			runOnlyForDeploymentPostprocessing = 0;
		};
/* End PBXSourcesBuildPhase section */

/* Begin PBXTargetDependency section */
		024FA2172A54F563009F7CA3 /* PBXTargetDependency */ = {
			isa = PBXTargetDependency;
			target = 024FA20A2A54F562009F7CA3 /* AquaLogicMiniPal Watch App */;
			targetProxy = 024FA2162A54F563009F7CA3 /* PBXContainerItemProxy */;
		};
		02D43B0A2AB94D9A0073616D /* PBXTargetDependency */ = {
			isa = PBXTargetDependency;
			target = 02D43AFB2AB94D990073616D /* SpaWidgetExtension */;
			targetProxy = 02D43B092AB94D9A0073616D /* PBXContainerItemProxy */;
		};
/* End PBXTargetDependency section */

/* Begin XCBuildConfiguration section */
		024FA21A2A54F563009F7CA3 /* Debug */ = {
			isa = XCBuildConfiguration;
			buildSettings = {
				ASSETCATALOG_COMPILER_APPICON_NAME = AppIcon;
				ASSETCATALOG_COMPILER_GLOBAL_ACCENT_COLOR_NAME = AccentColor;
				CODE_SIGN_STYLE = Automatic;
				CURRENT_PROJECT_VERSION = 1;
				DEVELOPMENT_ASSET_PATHS = "\"AquaLogicMiniPal Watch App/Preview Content\"";
				DEVELOPMENT_TEAM = HHT2S9TV9V;
				ENABLE_PREVIEWS = YES;
				GENERATE_INFOPLIST_FILE = YES;
				INFOPLIST_KEY_CFBundleDisplayName = AquaLogicMiniPal;
				INFOPLIST_KEY_UISupportedInterfaceOrientations = "UIInterfaceOrientationPortrait UIInterfaceOrientationPortraitUpsideDown";
				INFOPLIST_KEY_WKCompanionAppBundleIdentifier = com.brycecallender.aqualogicpal;
				LD_RUNPATH_SEARCH_PATHS = (
					"$(inherited)",
					"@executable_path/Frameworks",
				);
				MARKETING_VERSION = 1.0;
				PRODUCT_BUNDLE_IDENTIFIER = com.brycecallender.aqualogicpal.watchkitapp;
				PRODUCT_NAME = "$(TARGET_NAME)";
				SDKROOT = watchos;
				SKIP_INSTALL = YES;
				SWIFT_EMIT_LOC_STRINGS = YES;
				SWIFT_VERSION = 5.0;
				TARGETED_DEVICE_FAMILY = 4;
				WATCHOS_DEPLOYMENT_TARGET = 10.0;
			};
			name = Debug;
		};
		024FA21B2A54F563009F7CA3 /* Release */ = {
			isa = XCBuildConfiguration;
			buildSettings = {
				ASSETCATALOG_COMPILER_APPICON_NAME = AppIcon;
				ASSETCATALOG_COMPILER_GLOBAL_ACCENT_COLOR_NAME = AccentColor;
				CODE_SIGN_STYLE = Automatic;
				CURRENT_PROJECT_VERSION = 1;
				DEVELOPMENT_ASSET_PATHS = "\"AquaLogicMiniPal Watch App/Preview Content\"";
				DEVELOPMENT_TEAM = HHT2S9TV9V;
				ENABLE_PREVIEWS = YES;
				GENERATE_INFOPLIST_FILE = YES;
				INFOPLIST_KEY_CFBundleDisplayName = AquaLogicMiniPal;
				INFOPLIST_KEY_UISupportedInterfaceOrientations = "UIInterfaceOrientationPortrait UIInterfaceOrientationPortraitUpsideDown";
				INFOPLIST_KEY_WKCompanionAppBundleIdentifier = com.brycecallender.aqualogicpal;
				LD_RUNPATH_SEARCH_PATHS = (
					"$(inherited)",
					"@executable_path/Frameworks",
				);
				MARKETING_VERSION = 1.0;
				PRODUCT_BUNDLE_IDENTIFIER = com.brycecallender.aqualogicpal.watchkitapp;
				PRODUCT_NAME = "$(TARGET_NAME)";
				SDKROOT = watchos;
				SKIP_INSTALL = YES;
				SWIFT_EMIT_LOC_STRINGS = YES;
				SWIFT_VERSION = 5.0;
				TARGETED_DEVICE_FAMILY = 4;
				WATCHOS_DEPLOYMENT_TARGET = 10.0;
			};
			name = Release;
		};
		02A6927E2A3E661200F88EBE /* Debug */ = {
			isa = XCBuildConfiguration;
			buildSettings = {
				ALWAYS_SEARCH_USER_PATHS = NO;
				ASSETCATALOG_COMPILER_GENERATE_SWIFT_ASSET_SYMBOL_EXTENSIONS = YES;
				CLANG_ANALYZER_NONNULL = YES;
				CLANG_ANALYZER_NUMBER_OBJECT_CONVERSION = YES_AGGRESSIVE;
				CLANG_CXX_LANGUAGE_STANDARD = "gnu++20";
				CLANG_ENABLE_MODULES = YES;
				CLANG_ENABLE_OBJC_ARC = YES;
				CLANG_ENABLE_OBJC_WEAK = YES;
				CLANG_WARN_BLOCK_CAPTURE_AUTORELEASING = YES;
				CLANG_WARN_BOOL_CONVERSION = YES;
				CLANG_WARN_COMMA = YES;
				CLANG_WARN_CONSTANT_CONVERSION = YES;
				CLANG_WARN_DEPRECATED_OBJC_IMPLEMENTATIONS = YES;
				CLANG_WARN_DIRECT_OBJC_ISA_USAGE = YES_ERROR;
				CLANG_WARN_DOCUMENTATION_COMMENTS = YES;
				CLANG_WARN_EMPTY_BODY = YES;
				CLANG_WARN_ENUM_CONVERSION = YES;
				CLANG_WARN_INFINITE_RECURSION = YES;
				CLANG_WARN_INT_CONVERSION = YES;
				CLANG_WARN_NON_LITERAL_NULL_CONVERSION = YES;
				CLANG_WARN_OBJC_IMPLICIT_RETAIN_SELF = YES;
				CLANG_WARN_OBJC_LITERAL_CONVERSION = YES;
				CLANG_WARN_OBJC_ROOT_CLASS = YES_ERROR;
				CLANG_WARN_QUOTED_INCLUDE_IN_FRAMEWORK_HEADER = YES;
				CLANG_WARN_RANGE_LOOP_ANALYSIS = YES;
				CLANG_WARN_STRICT_PROTOTYPES = YES;
				CLANG_WARN_SUSPICIOUS_MOVE = YES;
				CLANG_WARN_UNGUARDED_AVAILABILITY = YES_AGGRESSIVE;
				CLANG_WARN_UNREACHABLE_CODE = YES;
				CLANG_WARN__DUPLICATE_METHOD_MATCH = YES;
				COPY_PHASE_STRIP = NO;
				DEBUG_INFORMATION_FORMAT = dwarf;
				ENABLE_STRICT_OBJC_MSGSEND = YES;
				ENABLE_TESTABILITY = YES;
				ENABLE_USER_SCRIPT_SANDBOXING = YES;
				GCC_C_LANGUAGE_STANDARD = gnu11;
				GCC_DYNAMIC_NO_PIC = NO;
				GCC_NO_COMMON_BLOCKS = YES;
				GCC_OPTIMIZATION_LEVEL = 0;
				GCC_PREPROCESSOR_DEFINITIONS = (
					"DEBUG=1",
					"$(inherited)",
				);
				GCC_WARN_64_TO_32_BIT_CONVERSION = YES;
				GCC_WARN_ABOUT_RETURN_TYPE = YES_ERROR;
				GCC_WARN_UNDECLARED_SELECTOR = YES;
				GCC_WARN_UNINITIALIZED_AUTOS = YES_AGGRESSIVE;
				GCC_WARN_UNUSED_FUNCTION = YES;
				GCC_WARN_UNUSED_VARIABLE = YES;
				IPHONEOS_DEPLOYMENT_TARGET = 17.0;
				MTL_ENABLE_DEBUG_INFO = INCLUDE_SOURCE;
				MTL_FAST_MATH = YES;
				ONLY_ACTIVE_ARCH = YES;
				SDKROOT = iphoneos;
				SWIFT_ACTIVE_COMPILATION_CONDITIONS = DEBUG;
				SWIFT_OPTIMIZATION_LEVEL = "-Onone";
				WATCHOS_DEPLOYMENT_TARGET = 10.0;
			};
			name = Debug;
		};
		02A6927F2A3E661200F88EBE /* Release */ = {
			isa = XCBuildConfiguration;
			buildSettings = {
				ALWAYS_SEARCH_USER_PATHS = NO;
				ASSETCATALOG_COMPILER_GENERATE_SWIFT_ASSET_SYMBOL_EXTENSIONS = YES;
				CLANG_ANALYZER_NONNULL = YES;
				CLANG_ANALYZER_NUMBER_OBJECT_CONVERSION = YES_AGGRESSIVE;
				CLANG_CXX_LANGUAGE_STANDARD = "gnu++20";
				CLANG_ENABLE_MODULES = YES;
				CLANG_ENABLE_OBJC_ARC = YES;
				CLANG_ENABLE_OBJC_WEAK = YES;
				CLANG_WARN_BLOCK_CAPTURE_AUTORELEASING = YES;
				CLANG_WARN_BOOL_CONVERSION = YES;
				CLANG_WARN_COMMA = YES;
				CLANG_WARN_CONSTANT_CONVERSION = YES;
				CLANG_WARN_DEPRECATED_OBJC_IMPLEMENTATIONS = YES;
				CLANG_WARN_DIRECT_OBJC_ISA_USAGE = YES_ERROR;
				CLANG_WARN_DOCUMENTATION_COMMENTS = YES;
				CLANG_WARN_EMPTY_BODY = YES;
				CLANG_WARN_ENUM_CONVERSION = YES;
				CLANG_WARN_INFINITE_RECURSION = YES;
				CLANG_WARN_INT_CONVERSION = YES;
				CLANG_WARN_NON_LITERAL_NULL_CONVERSION = YES;
				CLANG_WARN_OBJC_IMPLICIT_RETAIN_SELF = YES;
				CLANG_WARN_OBJC_LITERAL_CONVERSION = YES;
				CLANG_WARN_OBJC_ROOT_CLASS = YES_ERROR;
				CLANG_WARN_QUOTED_INCLUDE_IN_FRAMEWORK_HEADER = YES;
				CLANG_WARN_RANGE_LOOP_ANALYSIS = YES;
				CLANG_WARN_STRICT_PROTOTYPES = YES;
				CLANG_WARN_SUSPICIOUS_MOVE = YES;
				CLANG_WARN_UNGUARDED_AVAILABILITY = YES_AGGRESSIVE;
				CLANG_WARN_UNREACHABLE_CODE = YES;
				CLANG_WARN__DUPLICATE_METHOD_MATCH = YES;
				COPY_PHASE_STRIP = NO;
				DEBUG_INFORMATION_FORMAT = "dwarf-with-dsym";
				ENABLE_NS_ASSERTIONS = NO;
				ENABLE_STRICT_OBJC_MSGSEND = YES;
				ENABLE_USER_SCRIPT_SANDBOXING = YES;
				GCC_C_LANGUAGE_STANDARD = gnu11;
				GCC_NO_COMMON_BLOCKS = YES;
				GCC_WARN_64_TO_32_BIT_CONVERSION = YES;
				GCC_WARN_ABOUT_RETURN_TYPE = YES_ERROR;
				GCC_WARN_UNDECLARED_SELECTOR = YES;
				GCC_WARN_UNINITIALIZED_AUTOS = YES_AGGRESSIVE;
				GCC_WARN_UNUSED_FUNCTION = YES;
				GCC_WARN_UNUSED_VARIABLE = YES;
				IPHONEOS_DEPLOYMENT_TARGET = 17.0;
				MTL_ENABLE_DEBUG_INFO = NO;
				MTL_FAST_MATH = YES;
				SDKROOT = iphoneos;
				SWIFT_COMPILATION_MODE = wholemodule;
				SWIFT_OPTIMIZATION_LEVEL = "-O";
				VALIDATE_PRODUCT = YES;
				WATCHOS_DEPLOYMENT_TARGET = 10.0;
			};
			name = Release;
		};
		02A692812A3E661200F88EBE /* Debug */ = {
			isa = XCBuildConfiguration;
			buildSettings = {
				ALWAYS_EMBED_SWIFT_STANDARD_LIBRARIES = YES;
				ASSETCATALOG_COMPILER_APPICON_NAME = AppIcon;
				ASSETCATALOG_COMPILER_GLOBAL_ACCENT_COLOR_NAME = AccentColor;
				CODE_SIGN_ENTITLEMENTS = aqualogicpal/aqualogicpal.entitlements;
				CODE_SIGN_STYLE = Automatic;
				CURRENT_PROJECT_VERSION = 1;
				DEVELOPMENT_ASSET_PATHS = "\"aqualogicpal/Preview Content\"";
				DEVELOPMENT_TEAM = HHT2S9TV9V;
				ENABLE_PREVIEWS = YES;
				GENERATE_INFOPLIST_FILE = YES;
				INFOPLIST_FILE = aqualogicpal/Info.plist;
				INFOPLIST_KEY_CFBundleDisplayName = "AquaLogic Pal";
				INFOPLIST_KEY_LSApplicationCategoryType = "public.app-category.utilities";
				INFOPLIST_KEY_NSCameraUsageDescription = "AquaLogicPal needs access to your camera to take pictures of pool chemical results.";
				INFOPLIST_KEY_NSSupportsLiveActivities = YES;
				INFOPLIST_KEY_UIApplicationSceneManifest_Generation = YES;
				INFOPLIST_KEY_UIApplicationSupportsIndirectInputEvents = YES;
				INFOPLIST_KEY_UISupportedInterfaceOrientations = UIInterfaceOrientationPortrait;
				IPHONEOS_DEPLOYMENT_TARGET = 17.0;
				LD_RUNPATH_SEARCH_PATHS = (
					"$(inherited)",
					"@executable_path/Frameworks",
				);
				MARKETING_VERSION = 2.0;
				PRODUCT_BUNDLE_IDENTIFIER = com.brycecallender.aqualogicpal;
				PRODUCT_NAME = "$(TARGET_NAME)";
				SUPPORTED_PLATFORMS = "iphoneos iphonesimulator";
				SUPPORTS_MACCATALYST = NO;
				SUPPORTS_MAC_DESIGNED_FOR_IPHONE_IPAD = NO;
				SUPPORTS_XR_DESIGNED_FOR_IPHONE_IPAD = NO;
				SWIFT_EMIT_LOC_STRINGS = YES;
				SWIFT_VERSION = 5.0;
				TARGETED_DEVICE_FAMILY = "1,2";
			};
			name = Debug;
		};
		02A692822A3E661200F88EBE /* Release */ = {
			isa = XCBuildConfiguration;
			buildSettings = {
				ALWAYS_EMBED_SWIFT_STANDARD_LIBRARIES = YES;
				ASSETCATALOG_COMPILER_APPICON_NAME = AppIcon;
				ASSETCATALOG_COMPILER_GLOBAL_ACCENT_COLOR_NAME = AccentColor;
				CODE_SIGN_ENTITLEMENTS = aqualogicpal/aqualogicpal.entitlements;
				CODE_SIGN_STYLE = Automatic;
				CURRENT_PROJECT_VERSION = 1;
				DEVELOPMENT_ASSET_PATHS = "\"aqualogicpal/Preview Content\"";
				DEVELOPMENT_TEAM = HHT2S9TV9V;
				ENABLE_PREVIEWS = YES;
				GENERATE_INFOPLIST_FILE = YES;
				INFOPLIST_FILE = aqualogicpal/Info.plist;
				INFOPLIST_KEY_CFBundleDisplayName = "AquaLogic Pal";
				INFOPLIST_KEY_LSApplicationCategoryType = "public.app-category.utilities";
				INFOPLIST_KEY_NSCameraUsageDescription = "AquaLogicPal needs access to your camera to take pictures of pool chemical results.";
				INFOPLIST_KEY_NSSupportsLiveActivities = YES;
				INFOPLIST_KEY_UIApplicationSceneManifest_Generation = YES;
				INFOPLIST_KEY_UIApplicationSupportsIndirectInputEvents = YES;
				INFOPLIST_KEY_UISupportedInterfaceOrientations = UIInterfaceOrientationPortrait;
				IPHONEOS_DEPLOYMENT_TARGET = 17.0;
				LD_RUNPATH_SEARCH_PATHS = (
					"$(inherited)",
					"@executable_path/Frameworks",
				);
				MARKETING_VERSION = 2.0;
				PRODUCT_BUNDLE_IDENTIFIER = com.brycecallender.aqualogicpal;
				PRODUCT_NAME = "$(TARGET_NAME)";
				SUPPORTED_PLATFORMS = "iphoneos iphonesimulator";
				SUPPORTS_MACCATALYST = NO;
				SUPPORTS_MAC_DESIGNED_FOR_IPHONE_IPAD = NO;
				SUPPORTS_XR_DESIGNED_FOR_IPHONE_IPAD = NO;
				SWIFT_EMIT_LOC_STRINGS = YES;
				SWIFT_VERSION = 5.0;
				TARGETED_DEVICE_FAMILY = "1,2";
			};
			name = Release;
		};
		02D43B0D2AB94D9A0073616D /* Debug */ = {
			isa = XCBuildConfiguration;
			buildSettings = {
				ASSETCATALOG_COMPILER_GLOBAL_ACCENT_COLOR_NAME = AccentColor;
				ASSETCATALOG_COMPILER_WIDGET_BACKGROUND_COLOR_NAME = WidgetBackground;
				CODE_SIGN_STYLE = Automatic;
				CURRENT_PROJECT_VERSION = 1;
				DEVELOPMENT_TEAM = HHT2S9TV9V;
				GCC_C_LANGUAGE_STANDARD = gnu17;
				GENERATE_INFOPLIST_FILE = YES;
				INFOPLIST_FILE = SpaWidget/Info.plist;
				INFOPLIST_KEY_CFBundleDisplayName = SpaWidget;
				INFOPLIST_KEY_NSHumanReadableCopyright = "";
				LD_RUNPATH_SEARCH_PATHS = (
					"$(inherited)",
					"@executable_path/Frameworks",
					"@executable_path/../../Frameworks",
				);
				LOCALIZATION_PREFERS_STRING_CATALOGS = YES;
				MARKETING_VERSION = 1.0;
				PRODUCT_BUNDLE_IDENTIFIER = com.brycecallender.aqualogicpal.SpaWidget;
				PRODUCT_NAME = "$(TARGET_NAME)";
				SKIP_INSTALL = YES;
				SWIFT_ACTIVE_COMPILATION_CONDITIONS = "DEBUG $(inherited)";
				SWIFT_EMIT_LOC_STRINGS = YES;
				SWIFT_VERSION = 5.0;
				TARGETED_DEVICE_FAMILY = "1,2";
			};
			name = Debug;
		};
		02D43B0E2AB94D9A0073616D /* Release */ = {
			isa = XCBuildConfiguration;
			buildSettings = {
				ASSETCATALOG_COMPILER_GLOBAL_ACCENT_COLOR_NAME = AccentColor;
				ASSETCATALOG_COMPILER_WIDGET_BACKGROUND_COLOR_NAME = WidgetBackground;
				CODE_SIGN_STYLE = Automatic;
				CURRENT_PROJECT_VERSION = 1;
				DEVELOPMENT_TEAM = HHT2S9TV9V;
				GCC_C_LANGUAGE_STANDARD = gnu17;
				GENERATE_INFOPLIST_FILE = YES;
				INFOPLIST_FILE = SpaWidget/Info.plist;
				INFOPLIST_KEY_CFBundleDisplayName = SpaWidget;
				INFOPLIST_KEY_NSHumanReadableCopyright = "";
				LD_RUNPATH_SEARCH_PATHS = (
					"$(inherited)",
					"@executable_path/Frameworks",
					"@executable_path/../../Frameworks",
				);
				LOCALIZATION_PREFERS_STRING_CATALOGS = YES;
				MARKETING_VERSION = 1.0;
				PRODUCT_BUNDLE_IDENTIFIER = com.brycecallender.aqualogicpal.SpaWidget;
				PRODUCT_NAME = "$(TARGET_NAME)";
				SKIP_INSTALL = YES;
				SWIFT_EMIT_LOC_STRINGS = YES;
				SWIFT_VERSION = 5.0;
				TARGETED_DEVICE_FAMILY = "1,2";
			};
			name = Release;
		};
/* End XCBuildConfiguration section */

/* Begin XCConfigurationList section */
		024FA2192A54F563009F7CA3 /* Build configuration list for PBXNativeTarget "AquaLogicMiniPal Watch App" */ = {
			isa = XCConfigurationList;
			buildConfigurations = (
				024FA21A2A54F563009F7CA3 /* Debug */,
				024FA21B2A54F563009F7CA3 /* Release */,
			);
			defaultConfigurationIsVisible = 0;
			defaultConfigurationName = Release;
		};
		02A6926D2A3E661100F88EBE /* Build configuration list for PBXProject "AquaLogicPal" */ = {
			isa = XCConfigurationList;
			buildConfigurations = (
				02A6927E2A3E661200F88EBE /* Debug */,
				02A6927F2A3E661200F88EBE /* Release */,
			);
			defaultConfigurationIsVisible = 0;
			defaultConfigurationName = Release;
		};
		02A692802A3E661200F88EBE /* Build configuration list for PBXNativeTarget "aqualogicpal" */ = {
			isa = XCConfigurationList;
			buildConfigurations = (
				02A692812A3E661200F88EBE /* Debug */,
				02A692822A3E661200F88EBE /* Release */,
			);
			defaultConfigurationIsVisible = 0;
			defaultConfigurationName = Release;
		};
		02D43B0C2AB94D9A0073616D /* Build configuration list for PBXNativeTarget "SpaWidgetExtension" */ = {
			isa = XCConfigurationList;
			buildConfigurations = (
				02D43B0D2AB94D9A0073616D /* Debug */,
				02D43B0E2AB94D9A0073616D /* Release */,
			);
			defaultConfigurationIsVisible = 0;
			defaultConfigurationName = Release;
		};
/* End XCConfigurationList section */

/* Begin XCRemoteSwiftPackageReference section */
		02167FBC2A95C7E300DFD01A /* XCRemoteSwiftPackageReference "AlertToast" */ = {
			isa = XCRemoteSwiftPackageReference;
			repositoryURL = "https://github.com/elai950/AlertToast.git";
			requirement = {
				kind = upToNextMajorVersion;
				minimumVersion = 1.3.9;
			};
		};
		022AECDD2A834731003FE79F /* XCRemoteSwiftPackageReference "supabase-swift" */ = {
			isa = XCRemoteSwiftPackageReference;
			repositoryURL = "https://github.com/supabase/supabase-swift.git";
			requirement = {
				kind = upToNextMinorVersion;
				minimumVersion = 0.3.0;
			};
		};
		025572822A61191E00854441 /* XCRemoteSwiftPackageReference "liquid" */ = {
			isa = XCRemoteSwiftPackageReference;
			repositoryURL = "https://github.com/maustinstar/liquid.git";
			requirement = {
				branch = master;
				kind = branch;
			};
		};
		0272EEF62A428B6A000A70C5 /* XCRemoteSwiftPackageReference "pusher-websocket-swift" */ = {
			isa = XCRemoteSwiftPackageReference;
			repositoryURL = "https://github.com/pusher/pusher-websocket-swift.git";
			requirement = {
				kind = upToNextMajorVersion;
				minimumVersion = 10.1.3;
			};
		};
		02B4155D2A4F6F9600BEE718 /* XCRemoteSwiftPackageReference "Alamofire" */ = {
			isa = XCRemoteSwiftPackageReference;
			repositoryURL = "https://github.com/Alamofire/Alamofire.git";
			requirement = {
				kind = upToNextMinorVersion;
				minimumVersion = 5.7.0;
			};
		};
		02E3602A2AAD10740084F0A4 /* XCRemoteSwiftPackageReference "PopupView" */ = {
			isa = XCRemoteSwiftPackageReference;
			repositoryURL = "https://github.com/exyte/PopupView.git";
			requirement = {
				kind = upToNextMajorVersion;
				minimumVersion = 2.6.3;
			};
		};
/* End XCRemoteSwiftPackageReference section */

/* Begin XCSwiftPackageProductDependency section */
		02167FBD2A95C7E400DFD01A /* AlertToast */ = {
			isa = XCSwiftPackageProductDependency;
			package = 02167FBC2A95C7E300DFD01A /* XCRemoteSwiftPackageReference "AlertToast" */;
			productName = AlertToast;
		};
		022AECDE2A834731003FE79F /* Supabase */ = {
			isa = XCSwiftPackageProductDependency;
			package = 022AECDD2A834731003FE79F /* XCRemoteSwiftPackageReference "supabase-swift" */;
			productName = Supabase;
		};
		025572832A61191E00854441 /* Liquid */ = {
			isa = XCSwiftPackageProductDependency;
			package = 025572822A61191E00854441 /* XCRemoteSwiftPackageReference "liquid" */;
			productName = Liquid;
		};
		0272EEF72A428B6A000A70C5 /* PusherSwift */ = {
			isa = XCSwiftPackageProductDependency;
			package = 0272EEF62A428B6A000A70C5 /* XCRemoteSwiftPackageReference "pusher-websocket-swift" */;
			productName = PusherSwift;
		};
		02ADDC062A59E6210043060F /* PusherSwift */ = {
			isa = XCSwiftPackageProductDependency;
			package = 0272EEF62A428B6A000A70C5 /* XCRemoteSwiftPackageReference "pusher-websocket-swift" */;
			productName = PusherSwift;
		};
		02B4155E2A4F6F9600BEE718 /* Alamofire */ = {
			isa = XCSwiftPackageProductDependency;
			package = 02B4155D2A4F6F9600BEE718 /* XCRemoteSwiftPackageReference "Alamofire" */;
			productName = Alamofire;
		};
		02E3602B2AAD10740084F0A4 /* PopupView */ = {
			isa = XCSwiftPackageProductDependency;
			package = 02E3602A2AAD10740084F0A4 /* XCRemoteSwiftPackageReference "PopupView" */;
			productName = PopupView;
		};
/* End XCSwiftPackageProductDependency section */
	};
	rootObject = 02A6926A2A3E661100F88EBE /* Project object */;
}
